// !$*UTF8*$!
{
	archiveVersion = 1;
	classes = {
	};
	objectVersion = 46;
	objects = {

/* Begin PBXBuildFile section */
		384E06871A7380DB0008AFF8 /* libc++.dylib in Frameworks */ = {isa = PBXBuildFile; fileRef = 384E06861A7380DB0008AFF8 /* libc++.dylib */; };
		384E068B1A7388190008AFF8 /* AudiosViewController.m in Sources */ = {isa = PBXBuildFile; fileRef = 384E068A1A7388190008AFF8 /* AudiosViewController.m */; };
		384E068E1A738C990008AFF8 /* Audio.m in Sources */ = {isa = PBXBuildFile; fileRef = 384E068D1A738C990008AFF8 /* Audio.m */; };
		384E06911A738D150008AFF8 /* FirstViewController.m in Sources */ = {isa = PBXBuildFile; fileRef = 384E06901A738D150008AFF8 /* FirstViewController.m */; };
		385E16BB1A73F41200D61DD8 /* AudioFileCell.m in Sources */ = {isa = PBXBuildFile; fileRef = 385E16BA1A73F41200D61DD8 /* AudioFileCell.m */; };
		38A80A5B1A73A72100FAA28B /* WanwanStyleCell.m in Sources */ = {isa = PBXBuildFile; fileRef = 38A80A5A1A73A72100FAA28B /* WanwanStyleCell.m */; };
		38E7A25C1A6A27A40079B975 /* main.m in Sources */ = {isa = PBXBuildFile; fileRef = 38E7A25B1A6A27A40079B975 /* main.m */; };
		38E7A25F1A6A27A40079B975 /* AppDelegate.m in Sources */ = {isa = PBXBuildFile; fileRef = 38E7A25E1A6A27A40079B975 /* AppDelegate.m */; };
		38E7A2621A6A27A40079B975 /* recordTest.xcdatamodeld in Sources */ = {isa = PBXBuildFile; fileRef = 38E7A2601A6A27A40079B975 /* recordTest.xcdatamodeld */; };
		38E7A2681A6A27A40079B975 /* Main.storyboard in Resources */ = {isa = PBXBuildFile; fileRef = 38E7A2661A6A27A40079B975 /* Main.storyboard */; };
		38E7A26A1A6A27A40079B975 /* Images.xcassets in Resources */ = {isa = PBXBuildFile; fileRef = 38E7A2691A6A27A40079B975 /* Images.xcassets */; };
		38E7A26D1A6A27A40079B975 /* LaunchScreen.xib in Resources */ = {isa = PBXBuildFile; fileRef = 38E7A26B1A6A27A40079B975 /* LaunchScreen.xib */; };
		38E7A2791A6A27A50079B975 /* recordTestTests.m in Sources */ = {isa = PBXBuildFile; fileRef = 38E7A2781A6A27A50079B975 /* recordTestTests.m */; };
		38E7A2831A6A28A30079B975 /* AVFoundation.framework in Frameworks */ = {isa = PBXBuildFile; fileRef = 38E7A2821A6A28A30079B975 /* AVFoundation.framework */; };
		38E7A2851A6A28B50079B975 /* Foundation.framework in Frameworks */ = {isa = PBXBuildFile; fileRef = 38E7A2841A6A28B50079B975 /* Foundation.framework */; };
		38E7A2871A6A29800079B975 /* CoreGraphics.framework in Frameworks */ = {isa = PBXBuildFile; fileRef = 38E7A2861A6A29800079B975 /* CoreGraphics.framework */; };
		38E7A2891A6A29860079B975 /* UIKit.framework in Frameworks */ = {isa = PBXBuildFile; fileRef = 38E7A2881A6A29860079B975 /* UIKit.framework */; };
		38E7A28D1A6A72050079B975 /* PlayViewController.m in Sources */ = {isa = PBXBuildFile; fileRef = 38E7A28C1A6A72050079B975 /* PlayViewController.m */; };
		38E7A2901A6A88970079B975 /* RecordAndPlayViewController.m in Sources */ = {isa = PBXBuildFile; fileRef = 38E7A28F1A6A88970079B975 /* RecordAndPlayViewController.m */; };
		38E7A4CD1A7379910079B975 /* Podfile in Resources */ = {isa = PBXBuildFile; fileRef = 38E7A4CC1A7379910079B975 /* Podfile */; };
		38E7A4CF1A737A0B0079B975 /* libz.1.2.5.dylib in Frameworks */ = {isa = PBXBuildFile; fileRef = 38E7A4CE1A737A0B0079B975 /* libz.1.2.5.dylib */; };
		38E7A4D11A737A230079B975 /* libicucore.dylib in Frameworks */ = {isa = PBXBuildFile; fileRef = 38E7A4D01A737A230079B975 /* libicucore.dylib */; };
		38E7A4D41A737C0B0079B975 /* libPods-BmobSDK.a in Frameworks */ = {isa = PBXBuildFile; fileRef = 38E7A4D31A737C0B0079B975 /* libPods-BmobSDK.a */; };
		72737AE1176FAB85C87D05C4 /* libPods.a in Frameworks */ = {isa = PBXBuildFile; fileRef = D246512477A53FEB2E903937 /* libPods.a */; };
/* End PBXBuildFile section */

/* Begin PBXContainerItemProxy section */
		38E7A2731A6A27A50079B975 /* PBXContainerItemProxy */ = {
			isa = PBXContainerItemProxy;
			containerPortal = 38E7A24E1A6A27A40079B975 /* Project object */;
			proxyType = 1;
			remoteGlobalIDString = 38E7A2551A6A27A40079B975;
			remoteInfo = recordTest;
		};
/* End PBXContainerItemProxy section */

/* Begin PBXFileReference section */
		384E06861A7380DB0008AFF8 /* libc++.dylib */ = {isa = PBXFileReference; lastKnownFileType = "compiled.mach-o.dylib"; name = "libc++.dylib"; path = "usr/lib/libc++.dylib"; sourceTree = SDKROOT; };
		384E06891A7388190008AFF8 /* AudiosViewController.h */ = {isa = PBXFileReference; fileEncoding = 4; lastKnownFileType = sourcecode.c.h; path = AudiosViewController.h; sourceTree = "<group>"; };
		384E068A1A7388190008AFF8 /* AudiosViewController.m */ = {isa = PBXFileReference; fileEncoding = 4; lastKnownFileType = sourcecode.c.objc; path = AudiosViewController.m; sourceTree = "<group>"; };
		384E068C1A738C990008AFF8 /* Audio.h */ = {isa = PBXFileReference; fileEncoding = 4; lastKnownFileType = sourcecode.c.h; path = Audio.h; sourceTree = "<group>"; };
		384E068D1A738C990008AFF8 /* Audio.m */ = {isa = PBXFileReference; fileEncoding = 4; lastKnownFileType = sourcecode.c.objc; path = Audio.m; sourceTree = "<group>"; };
		384E068F1A738D150008AFF8 /* FirstViewController.h */ = {isa = PBXFileReference; fileEncoding = 4; lastKnownFileType = sourcecode.c.h; path = FirstViewController.h; sourceTree = "<group>"; };
		384E06901A738D150008AFF8 /* FirstViewController.m */ = {isa = PBXFileReference; fileEncoding = 4; lastKnownFileType = sourcecode.c.objc; path = FirstViewController.m; sourceTree = "<group>"; };
		385E16B91A73F41200D61DD8 /* AudioFileCell.h */ = {isa = PBXFileReference; fileEncoding = 4; lastKnownFileType = sourcecode.c.h; path = AudioFileCell.h; sourceTree = "<group>"; };
		385E16BA1A73F41200D61DD8 /* AudioFileCell.m */ = {isa = PBXFileReference; fileEncoding = 4; lastKnownFileType = sourcecode.c.objc; path = AudioFileCell.m; sourceTree = "<group>"; };
		38A80A591A73A72100FAA28B /* WanwanStyleCell.h */ = {isa = PBXFileReference; fileEncoding = 4; lastKnownFileType = sourcecode.c.h; path = WanwanStyleCell.h; sourceTree = "<group>"; };
		38A80A5A1A73A72100FAA28B /* WanwanStyleCell.m */ = {isa = PBXFileReference; fileEncoding = 4; lastKnownFileType = sourcecode.c.objc; path = WanwanStyleCell.m; sourceTree = "<group>"; };
		38E7A2561A6A27A40079B975 /* recordTest.app */ = {isa = PBXFileReference; explicitFileType = wrapper.application; includeInIndex = 0; path = recordTest.app; sourceTree = BUILT_PRODUCTS_DIR; };
		38E7A25A1A6A27A40079B975 /* Info.plist */ = {isa = PBXFileReference; lastKnownFileType = text.plist.xml; path = Info.plist; sourceTree = "<group>"; };
		38E7A25B1A6A27A40079B975 /* main.m */ = {isa = PBXFileReference; lastKnownFileType = sourcecode.c.objc; path = main.m; sourceTree = "<group>"; };
		38E7A25D1A6A27A40079B975 /* AppDelegate.h */ = {isa = PBXFileReference; lastKnownFileType = sourcecode.c.h; path = AppDelegate.h; sourceTree = "<group>"; };
		38E7A25E1A6A27A40079B975 /* AppDelegate.m */ = {isa = PBXFileReference; lastKnownFileType = sourcecode.c.objc; path = AppDelegate.m; sourceTree = "<group>"; };
		38E7A2611A6A27A40079B975 /* recordTest.xcdatamodel */ = {isa = PBXFileReference; lastKnownFileType = wrapper.xcdatamodel; path = recordTest.xcdatamodel; sourceTree = "<group>"; };
		38E7A2671A6A27A40079B975 /* Base */ = {isa = PBXFileReference; lastKnownFileType = file.storyboard; name = Base; path = Base.lproj/Main.storyboard; sourceTree = "<group>"; };
		38E7A2691A6A27A40079B975 /* Images.xcassets */ = {isa = PBXFileReference; lastKnownFileType = folder.assetcatalog; path = Images.xcassets; sourceTree = "<group>"; };
		38E7A26C1A6A27A40079B975 /* Base */ = {isa = PBXFileReference; lastKnownFileType = file.xib; name = Base; path = Base.lproj/LaunchScreen.xib; sourceTree = "<group>"; };
		38E7A2721A6A27A50079B975 /* recordTestTests.xctest */ = {isa = PBXFileReference; explicitFileType = wrapper.cfbundle; includeInIndex = 0; path = recordTestTests.xctest; sourceTree = BUILT_PRODUCTS_DIR; };
		38E7A2771A6A27A50079B975 /* Info.plist */ = {isa = PBXFileReference; lastKnownFileType = text.plist.xml; path = Info.plist; sourceTree = "<group>"; };
		38E7A2781A6A27A50079B975 /* recordTestTests.m */ = {isa = PBXFileReference; lastKnownFileType = sourcecode.c.objc; path = recordTestTests.m; sourceTree = "<group>"; };
		38E7A2821A6A28A30079B975 /* AVFoundation.framework */ = {isa = PBXFileReference; lastKnownFileType = wrapper.framework; name = AVFoundation.framework; path = System/Library/Frameworks/AVFoundation.framework; sourceTree = SDKROOT; };
		38E7A2841A6A28B50079B975 /* Foundation.framework */ = {isa = PBXFileReference; lastKnownFileType = wrapper.framework; name = Foundation.framework; path = System/Library/Frameworks/Foundation.framework; sourceTree = SDKROOT; };
		38E7A2861A6A29800079B975 /* CoreGraphics.framework */ = {isa = PBXFileReference; lastKnownFileType = wrapper.framework; name = CoreGraphics.framework; path = System/Library/Frameworks/CoreGraphics.framework; sourceTree = SDKROOT; };
		38E7A2881A6A29860079B975 /* UIKit.framework */ = {isa = PBXFileReference; lastKnownFileType = wrapper.framework; name = UIKit.framework; path = System/Library/Frameworks/UIKit.framework; sourceTree = SDKROOT; };
		38E7A28B1A6A72050079B975 /* PlayViewController.h */ = {isa = PBXFileReference; fileEncoding = 4; lastKnownFileType = sourcecode.c.h; path = PlayViewController.h; sourceTree = "<group>"; };
		38E7A28C1A6A72050079B975 /* PlayViewController.m */ = {isa = PBXFileReference; fileEncoding = 4; lastKnownFileType = sourcecode.c.objc; path = PlayViewController.m; sourceTree = "<group>"; };
		38E7A28E1A6A88970079B975 /* RecordAndPlayViewController.h */ = {isa = PBXFileReference; fileEncoding = 4; lastKnownFileType = sourcecode.c.h; path = RecordAndPlayViewController.h; sourceTree = "<group>"; };
		38E7A28F1A6A88970079B975 /* RecordAndPlayViewController.m */ = {isa = PBXFileReference; fileEncoding = 4; lastKnownFileType = sourcecode.c.objc; path = RecordAndPlayViewController.m; sourceTree = "<group>"; };
		38E7A4CC1A7379910079B975 /* Podfile */ = {isa = PBXFileReference; fileEncoding = 4; lastKnownFileType = text; path = Podfile; sourceTree = "<group>"; xcLanguageSpecificationIdentifier = xcode.lang.ruby; };
		38E7A4CE1A737A0B0079B975 /* libz.1.2.5.dylib */ = {isa = PBXFileReference; lastKnownFileType = "compiled.mach-o.dylib"; name = libz.1.2.5.dylib; path = usr/lib/libz.1.2.5.dylib; sourceTree = SDKROOT; };
		38E7A4D01A737A230079B975 /* libicucore.dylib */ = {isa = PBXFileReference; lastKnownFileType = "compiled.mach-o.dylib"; name = libicucore.dylib; path = usr/lib/libicucore.dylib; sourceTree = SDKROOT; };
		38E7A4D21A737A900079B975 /* miepai.pch */ = {isa = PBXFileReference; fileEncoding = 4; lastKnownFileType = sourcecode.c.h; path = miepai.pch; sourceTree = "<group>"; };
		38E7A4D31A737C0B0079B975 /* libPods-BmobSDK.a */ = {isa = PBXFileReference; lastKnownFileType = archive.ar; name = "libPods-BmobSDK.a"; path = "Pods/build/Debug-iphoneos/libPods-BmobSDK.a"; sourceTree = "<group>"; };
		A87B7D9C85128A02900D8A80 /* Pods.release.xcconfig */ = {isa = PBXFileReference; includeInIndex = 1; lastKnownFileType = text.xcconfig; name = Pods.release.xcconfig; path = "Pods/Target Support Files/Pods/Pods.release.xcconfig"; sourceTree = "<group>"; };
		D246512477A53FEB2E903937 /* libPods.a */ = {isa = PBXFileReference; explicitFileType = archive.ar; includeInIndex = 0; path = libPods.a; sourceTree = BUILT_PRODUCTS_DIR; };
		D2F5C32831406B274A084113 /* Pods.debug.xcconfig */ = {isa = PBXFileReference; includeInIndex = 1; lastKnownFileType = text.xcconfig; name = Pods.debug.xcconfig; path = "Pods/Target Support Files/Pods/Pods.debug.xcconfig"; sourceTree = "<group>"; };
/* End PBXFileReference section */

/* Begin PBXFrameworksBuildPhase section */
		38E7A2531A6A27A40079B975 /* Frameworks */ = {
			isa = PBXFrameworksBuildPhase;
			buildActionMask = 2147483647;
			files = (
				384E06871A7380DB0008AFF8 /* libc++.dylib in Frameworks */,
				38E7A4D41A737C0B0079B975 /* libPods-BmobSDK.a in Frameworks */,
				38E7A4D11A737A230079B975 /* libicucore.dylib in Frameworks */,
				38E7A4CF1A737A0B0079B975 /* libz.1.2.5.dylib in Frameworks */,
				38E7A2891A6A29860079B975 /* UIKit.framework in Frameworks */,
				38E7A2871A6A29800079B975 /* CoreGraphics.framework in Frameworks */,
				38E7A2851A6A28B50079B975 /* Foundation.framework in Frameworks */,
				38E7A2831A6A28A30079B975 /* AVFoundation.framework in Frameworks */,
				72737AE1176FAB85C87D05C4 /* libPods.a in Frameworks */,
			);
			runOnlyForDeploymentPostprocessing = 0;
		};
		38E7A26F1A6A27A50079B975 /* Frameworks */ = {
			isa = PBXFrameworksBuildPhase;
			buildActionMask = 2147483647;
			files = (
			);
			runOnlyForDeploymentPostprocessing = 0;
		};
/* End PBXFrameworksBuildPhase section */

/* Begin PBXGroup section */
		384E06881A7384720008AFF8 /* Models */ = {
			isa = PBXGroup;
			children = (
				384E068C1A738C990008AFF8 /* Audio.h */,
				384E068D1A738C990008AFF8 /* Audio.m */,
			);
			path = Models;
			sourceTree = "<group>";
		};
		38A80A581A73A6F500FAA28B /* Cells */ = {
			isa = PBXGroup;
			children = (
				38A80A591A73A72100FAA28B /* WanwanStyleCell.h */,
				38A80A5A1A73A72100FAA28B /* WanwanStyleCell.m */,
				385E16B91A73F41200D61DD8 /* AudioFileCell.h */,
				385E16BA1A73F41200D61DD8 /* AudioFileCell.m */,
			);
			path = Cells;
			sourceTree = "<group>";
		};
		38E7A24D1A6A27A40079B975 = {
			isa = PBXGroup;
			children = (
				38E7A4D21A737A900079B975 /* miepai.pch */,
				38E7A4CC1A7379910079B975 /* Podfile */,
				38E7A2581A6A27A40079B975 /* recordTest */,
				38E7A2751A6A27A50079B975 /* recordTestTests */,
				38E7A2571A6A27A40079B975 /* Products */,
				720746A6FD6DE8AD024CF9DD /* Pods */,
				78D19ADB12535080A3764C47 /* Frameworks */,
			);
			sourceTree = "<group>";
		};
		38E7A2571A6A27A40079B975 /* Products */ = {
			isa = PBXGroup;
			children = (
				38E7A2561A6A27A40079B975 /* recordTest.app */,
				38E7A2721A6A27A50079B975 /* recordTestTests.xctest */,
			);
			name = Products;
			sourceTree = "<group>";
		};
		38E7A2581A6A27A40079B975 /* recordTest */ = {
			isa = PBXGroup;
			children = (
				38E7A25D1A6A27A40079B975 /* AppDelegate.h */,
				38E7A25E1A6A27A40079B975 /* AppDelegate.m */,
				38E7A2661A6A27A40079B975 /* Main.storyboard */,
				38E7A2691A6A27A40079B975 /* Images.xcassets */,
				38E7A26B1A6A27A40079B975 /* LaunchScreen.xib */,
				38E7A2601A6A27A40079B975 /* recordTest.xcdatamodeld */,
				38A80A581A73A6F500FAA28B /* Cells */,
				384E06881A7384720008AFF8 /* Models */,
				38E7A28A1A6A6E570079B975 /* ViewControllers */,
				38E7A2591A6A27A40079B975 /* Supporting Files */,
				38E7A29B1A6B8F2C0079B975 /* Assets */,
			);
			path = recordTest;
			sourceTree = "<group>";
		};
		38E7A2591A6A27A40079B975 /* Supporting Files */ = {
			isa = PBXGroup;
			children = (
				38E7A25A1A6A27A40079B975 /* Info.plist */,
				38E7A25B1A6A27A40079B975 /* main.m */,
			);
			name = "Supporting Files";
			sourceTree = "<group>";
		};
		38E7A2751A6A27A50079B975 /* recordTestTests */ = {
			isa = PBXGroup;
			children = (
				38E7A2781A6A27A50079B975 /* recordTestTests.m */,
				38E7A2761A6A27A50079B975 /* Supporting Files */,
			);
			path = recordTestTests;
			sourceTree = "<group>";
		};
		38E7A2761A6A27A50079B975 /* Supporting Files */ = {
			isa = PBXGroup;
			children = (
				38E7A2771A6A27A50079B975 /* Info.plist */,
			);
			name = "Supporting Files";
			sourceTree = "<group>";
		};
		38E7A28A1A6A6E570079B975 /* ViewControllers */ = {
			isa = PBXGroup;
			children = (
				38E7A28B1A6A72050079B975 /* PlayViewController.h */,
				38E7A28C1A6A72050079B975 /* PlayViewController.m */,
				38E7A28E1A6A88970079B975 /* RecordAndPlayViewController.h */,
				38E7A28F1A6A88970079B975 /* RecordAndPlayViewController.m */,
				384E06891A7388190008AFF8 /* AudiosViewController.h */,
				384E068A1A7388190008AFF8 /* AudiosViewController.m */,
				384E068F1A738D150008AFF8 /* FirstViewController.h */,
				384E06901A738D150008AFF8 /* FirstViewController.m */,
			);
			name = ViewControllers;
			sourceTree = "<group>";
		};
		38E7A29B1A6B8F2C0079B975 /* Assets */ = {
			isa = PBXGroup;
			children = (
			);
			path = Assets;
			sourceTree = "<group>";
		};
		720746A6FD6DE8AD024CF9DD /* Pods */ = {
			isa = PBXGroup;
			children = (
				D2F5C32831406B274A084113 /* Pods.debug.xcconfig */,
				A87B7D9C85128A02900D8A80 /* Pods.release.xcconfig */,
			);
			name = Pods;
			sourceTree = "<group>";
		};
		78D19ADB12535080A3764C47 /* Frameworks */ = {
			isa = PBXGroup;
			children = (
				38E7A2881A6A29860079B975 /* UIKit.framework */,
				38E7A2861A6A29800079B975 /* CoreGraphics.framework */,
				38E7A2841A6A28B50079B975 /* Foundation.framework */,
				38E7A2821A6A28A30079B975 /* AVFoundation.framework */,
				384E06861A7380DB0008AFF8 /* libc++.dylib */,
				38E7A4D31A737C0B0079B975 /* libPods-BmobSDK.a */,
				38E7A4D01A737A230079B975 /* libicucore.dylib */,
				38E7A4CE1A737A0B0079B975 /* libz.1.2.5.dylib */,
				D246512477A53FEB2E903937 /* libPods.a */,
			);
			name = Frameworks;
			sourceTree = "<group>";
		};
/* End PBXGroup section */

/* Begin PBXNativeTarget section */
		38E7A2551A6A27A40079B975 /* recordTest */ = {
			isa = PBXNativeTarget;
			buildConfigurationList = 38E7A27C1A6A27A50079B975 /* Build configuration list for PBXNativeTarget "recordTest" */;
			buildPhases = (
				BC9582C4B550C062033C7716 /* Check Pods Manifest.lock */,
				38E7A2521A6A27A40079B975 /* Sources */,
				38E7A2531A6A27A40079B975 /* Frameworks */,
				38E7A2541A6A27A40079B975 /* Resources */,
				CEAE12B7DBF1C31E4555EE0A /* Copy Pods Resources */,
			);
			buildRules = (
			);
			dependencies = (
			);
			name = recordTest;
			productName = recordTest;
			productReference = 38E7A2561A6A27A40079B975 /* recordTest.app */;
			productType = "com.apple.product-type.application";
		};
		38E7A2711A6A27A50079B975 /* recordTestTests */ = {
			isa = PBXNativeTarget;
			buildConfigurationList = 38E7A27F1A6A27A50079B975 /* Build configuration list for PBXNativeTarget "recordTestTests" */;
			buildPhases = (
				38E7A26E1A6A27A50079B975 /* Sources */,
				38E7A26F1A6A27A50079B975 /* Frameworks */,
				38E7A2701A6A27A50079B975 /* Resources */,
			);
			buildRules = (
			);
			dependencies = (
				38E7A2741A6A27A50079B975 /* PBXTargetDependency */,
			);
			name = recordTestTests;
			productName = recordTestTests;
			productReference = 38E7A2721A6A27A50079B975 /* recordTestTests.xctest */;
			productType = "com.apple.product-type.bundle.unit-test";
		};
/* End PBXNativeTarget section */

/* Begin PBXProject section */
		38E7A24E1A6A27A40079B975 /* Project object */ = {
			isa = PBXProject;
			attributes = {
				LastUpgradeCheck = 0610;
				ORGANIZATIONNAME = ThreeStones;
				TargetAttributes = {
					38E7A2551A6A27A40079B975 = {
						CreatedOnToolsVersion = 6.1.1;
					};
					38E7A2711A6A27A50079B975 = {
						CreatedOnToolsVersion = 6.1.1;
						TestTargetID = 38E7A2551A6A27A40079B975;
					};
				};
			};
			buildConfigurationList = 38E7A2511A6A27A40079B975 /* Build configuration list for PBXProject "recordTest" */;
			compatibilityVersion = "Xcode 3.2";
			developmentRegion = English;
			hasScannedForEncodings = 0;
			knownRegions = (
				en,
				Base,
			);
			mainGroup = 38E7A24D1A6A27A40079B975;
			productRefGroup = 38E7A2571A6A27A40079B975 /* Products */;
			projectDirPath = "";
			projectRoot = "";
			targets = (
				38E7A2551A6A27A40079B975 /* recordTest */,
				38E7A2711A6A27A50079B975 /* recordTestTests */,
			);
		};
/* End PBXProject section */

/* Begin PBXResourcesBuildPhase section */
		38E7A2541A6A27A40079B975 /* Resources */ = {
			isa = PBXResourcesBuildPhase;
			buildActionMask = 2147483647;
			files = (
				38E7A4CD1A7379910079B975 /* Podfile in Resources */,
				38E7A2681A6A27A40079B975 /* Main.storyboard in Resources */,
				38E7A26D1A6A27A40079B975 /* LaunchScreen.xib in Resources */,
				38E7A26A1A6A27A40079B975 /* Images.xcassets in Resources */,
			);
			runOnlyForDeploymentPostprocessing = 0;
		};
		38E7A2701A6A27A50079B975 /* Resources */ = {
			isa = PBXResourcesBuildPhase;
			buildActionMask = 2147483647;
			files = (
			);
			runOnlyForDeploymentPostprocessing = 0;
		};
/* End PBXResourcesBuildPhase section */

/* Begin PBXShellScriptBuildPhase section */
		BC9582C4B550C062033C7716 /* Check Pods Manifest.lock */ = {
			isa = PBXShellScriptBuildPhase;
			buildActionMask = 2147483647;
			files = (
			);
			inputPaths = (
			);
			name = "Check Pods Manifest.lock";
			outputPaths = (
			);
			runOnlyForDeploymentPostprocessing = 0;
			shellPath = /bin/sh;
			shellScript = "diff \"${PODS_ROOT}/../Podfile.lock\" \"${PODS_ROOT}/Manifest.lock\" > /dev/null\nif [[ $? != 0 ]] ; then\n    cat << EOM\nerror: The sandbox is not in sync with the Podfile.lock. Run 'pod install' or update your CocoaPods installation.\nEOM\n    exit 1\nfi\n";
			showEnvVarsInLog = 0;
		};
		CEAE12B7DBF1C31E4555EE0A /* Copy Pods Resources */ = {
			isa = PBXShellScriptBuildPhase;
			buildActionMask = 2147483647;
			files = (
			);
			inputPaths = (
			);
			name = "Copy Pods Resources";
			outputPaths = (
			);
			runOnlyForDeploymentPostprocessing = 0;
			shellPath = /bin/sh;
			shellScript = "\"${SRCROOT}/Pods/Target Support Files/Pods/Pods-resources.sh\"\n";
			showEnvVarsInLog = 0;
		};
/* End PBXShellScriptBuildPhase section */

/* Begin PBXSourcesBuildPhase section */
		38E7A2521A6A27A40079B975 /* Sources */ = {
			isa = PBXSourcesBuildPhase;
			buildActionMask = 2147483647;
			files = (
				38E7A2621A6A27A40079B975 /* recordTest.xcdatamodeld in Sources */,
				38E7A25F1A6A27A40079B975 /* AppDelegate.m in Sources */,
				38E7A2901A6A88970079B975 /* RecordAndPlayViewController.m in Sources */,
				384E068B1A7388190008AFF8 /* AudiosViewController.m in Sources */,
				384E068E1A738C990008AFF8 /* Audio.m in Sources */,
				38A80A5B1A73A72100FAA28B /* WanwanStyleCell.m in Sources */,
				385E16BB1A73F41200D61DD8 /* AudioFileCell.m in Sources */,
				38E7A28D1A6A72050079B975 /* PlayViewController.m in Sources */,
				38E7A25C1A6A27A40079B975 /* main.m in Sources */,
				384E06911A738D150008AFF8 /* FirstViewController.m in Sources */,
			);
			runOnlyForDeploymentPostprocessing = 0;
		};
		38E7A26E1A6A27A50079B975 /* Sources */ = {
			isa = PBXSourcesBuildPhase;
			buildActionMask = 2147483647;
			files = (
				38E7A2791A6A27A50079B975 /* recordTestTests.m in Sources */,
			);
			runOnlyForDeploymentPostprocessing = 0;
		};
/* End PBXSourcesBuildPhase section */

/* Begin PBXTargetDependency section */
		38E7A2741A6A27A50079B975 /* PBXTargetDependency */ = {
			isa = PBXTargetDependency;
			target = 38E7A2551A6A27A40079B975 /* recordTest */;
			targetProxy = 38E7A2731A6A27A50079B975 /* PBXContainerItemProxy */;
		};
/* End PBXTargetDependency section */

/* Begin PBXVariantGroup section */
		38E7A2661A6A27A40079B975 /* Main.storyboard */ = {
			isa = PBXVariantGroup;
			children = (
				38E7A2671A6A27A40079B975 /* Base */,
			);
			name = Main.storyboard;
			sourceTree = "<group>";
		};
		38E7A26B1A6A27A40079B975 /* LaunchScreen.xib */ = {
			isa = PBXVariantGroup;
			children = (
				38E7A26C1A6A27A40079B975 /* Base */,
			);
			name = LaunchScreen.xib;
			sourceTree = "<group>";
		};
/* End PBXVariantGroup section */

/* Begin XCBuildConfiguration section */
		38E7A27A1A6A27A50079B975 /* Debug */ = {
			isa = XCBuildConfiguration;
			buildSettings = {
				ALWAYS_SEARCH_USER_PATHS = NO;
				CLANG_CXX_LANGUAGE_STANDARD = "gnu++0x";
				CLANG_CXX_LIBRARY = "libc++";
				CLANG_ENABLE_MODULES = YES;
				CLANG_ENABLE_OBJC_ARC = YES;
				CLANG_WARN_BOOL_CONVERSION = YES;
				CLANG_WARN_CONSTANT_CONVERSION = YES;
				CLANG_WARN_DIRECT_OBJC_ISA_USAGE = YES_ERROR;
				CLANG_WARN_EMPTY_BODY = YES;
				CLANG_WARN_ENUM_CONVERSION = YES;
				CLANG_WARN_INT_CONVERSION = YES;
				CLANG_WARN_OBJC_ROOT_CLASS = YES_ERROR;
				CLANG_WARN_UNREACHABLE_CODE = YES;
				CLANG_WARN__DUPLICATE_METHOD_MATCH = YES;
				"CODE_SIGN_IDENTITY[sdk=iphoneos*]" = "iPhone Developer";
				COPY_PHASE_STRIP = NO;
				ENABLE_STRICT_OBJC_MSGSEND = YES;
				GCC_C_LANGUAGE_STANDARD = gnu99;
				GCC_DYNAMIC_NO_PIC = NO;
				GCC_OPTIMIZATION_LEVEL = 0;
				GCC_PREPROCESSOR_DEFINITIONS = (
					"DEBUG=1",
					"$(inherited)",
				);
				GCC_SYMBOLS_PRIVATE_EXTERN = NO;
				GCC_WARN_64_TO_32_BIT_CONVERSION = YES;
				GCC_WARN_ABOUT_RETURN_TYPE = YES_ERROR;
				GCC_WARN_UNDECLARED_SELECTOR = YES;
				GCC_WARN_UNINITIALIZED_AUTOS = YES_AGGRESSIVE;
				GCC_WARN_UNUSED_FUNCTION = YES;
				GCC_WARN_UNUSED_VARIABLE = YES;
				IPHONEOS_DEPLOYMENT_TARGET = 8.1;
				MTL_ENABLE_DEBUG_INFO = YES;
				ONLY_ACTIVE_ARCH = YES;
				SDKROOT = iphoneos;
			};
			name = Debug;
		};
		38E7A27B1A6A27A50079B975 /* Release */ = {
			isa = XCBuildConfiguration;
			buildSettings = {
				ALWAYS_SEARCH_USER_PATHS = NO;
				CLANG_CXX_LANGUAGE_STANDARD = "gnu++0x";
				CLANG_CXX_LIBRARY = "libc++";
				CLANG_ENABLE_MODULES = YES;
				CLANG_ENABLE_OBJC_ARC = YES;
				CLANG_WARN_BOOL_CONVERSION = YES;
				CLANG_WARN_CONSTANT_CONVERSION = YES;
				CLANG_WARN_DIRECT_OBJC_ISA_USAGE = YES_ERROR;
				CLANG_WARN_EMPTY_BODY = YES;
				CLANG_WARN_ENUM_CONVERSION = YES;
				CLANG_WARN_INT_CONVERSION = YES;
				CLANG_WARN_OBJC_ROOT_CLASS = YES_ERROR;
				CLANG_WARN_UNREACHABLE_CODE = YES;
				CLANG_WARN__DUPLICATE_METHOD_MATCH = YES;
				"CODE_SIGN_IDENTITY[sdk=iphoneos*]" = "iPhone Developer";
				COPY_PHASE_STRIP = YES;
				ENABLE_NS_ASSERTIONS = NO;
				ENABLE_STRICT_OBJC_MSGSEND = YES;
				GCC_C_LANGUAGE_STANDARD = gnu99;
				GCC_WARN_64_TO_32_BIT_CONVERSION = YES;
				GCC_WARN_ABOUT_RETURN_TYPE = YES_ERROR;
				GCC_WARN_UNDECLARED_SELECTOR = YES;
				GCC_WARN_UNINITIALIZED_AUTOS = YES_AGGRESSIVE;
				GCC_WARN_UNUSED_FUNCTION = YES;
				GCC_WARN_UNUSED_VARIABLE = YES;
				IPHONEOS_DEPLOYMENT_TARGET = 8.1;
				MTL_ENABLE_DEBUG_INFO = NO;
				SDKROOT = iphoneos;
				VALIDATE_PRODUCT = YES;
			};
			name = Release;
		};
		38E7A27D1A6A27A50079B975 /* Debug */ = {
			isa = XCBuildConfiguration;
			baseConfigurationReference = D2F5C32831406B274A084113 /* Pods.debug.xcconfig */;
			buildSettings = {
				ASSETCATALOG_COMPILER_APPICON_NAME = AppIcon;
				"CODE_SIGN_IDENTITY[sdk=iphoneos*]" = "iPhone Developer: YAO DONG LI (GEXX9WPT4D)";
				GCC_PREFIX_HEADER = miepai.pch;
				INFOPLIST_FILE = recordTest/Info.plist;
				LD_RUNPATH_SEARCH_PATHS = "$(inherited) @executable_path/Frameworks";
				LIBRARY_SEARCH_PATHS = (
					"$(inherited)",
					"$(PROJECT_DIR)/Pods/build/Debug-iphoneos",
				);
				PRODUCT_NAME = "$(TARGET_NAME)";
				PROVISIONING_PROFILE = "f44c731c-1ec4-4663-b9d6-8c5c65f16e3b";
			};
			name = Debug;
		};
		38E7A27E1A6A27A50079B975 /* Release */ = {
			isa = XCBuildConfiguration;
			baseConfigurationReference = A87B7D9C85128A02900D8A80 /* Pods.release.xcconfig */;
			buildSettings = {
				ASSETCATALOG_COMPILER_APPICON_NAME = AppIcon;
				"CODE_SIGN_IDENTITY[sdk=iphoneos*]" = "iPhone Developer: YAO DONG LI (GEXX9WPT4D)";
				GCC_PREFIX_HEADER = miepai.pch;
				INFOPLIST_FILE = recordTest/Info.plist;
				LD_RUNPATH_SEARCH_PATHS = "$(inherited) @executable_path/Frameworks";
				LIBRARY_SEARCH_PATHS = (
					"$(inherited)",
					"$(PROJECT_DIR)/Pods/build/Debug-iphoneos",
				);
				PRODUCT_NAME = "$(TARGET_NAME)";
				PROVISIONING_PROFILE = "f44c731c-1ec4-4663-b9d6-8c5c65f16e3b";
			};
			name = Release;
		};
		38E7A2801A6A27A50079B975 /* Debug */ = {
			isa = XCBuildConfiguration;
			buildSettings = {
				BUNDLE_LOADER = "$(TEST_HOST)";
				FRAMEWORK_SEARCH_PATHS = (
					"$(SDKROOT)/Developer/Library/Frameworks",
					"$(inherited)",
				);
				GCC_PREPROCESSOR_DEFINITIONS = (
					"DEBUG=1",
					"$(inherited)",
				);
				INFOPLIST_FILE = recordTestTests/Info.plist;
				LD_RUNPATH_SEARCH_PATHS = "$(inherited) @executable_path/Frameworks @loader_path/Frameworks";
				PRODUCT_NAME = "$(TARGET_NAME)";
				TEST_HOST = "$(BUILT_PRODUCTS_DIR)/recordTest.app/recordTest";
			};
			name = Debug;
		};
		38E7A2811A6A27A50079B975 /* Release */ = {
			isa = XCBuildConfiguration;
			buildSettings = {
				BUNDLE_LOADER = "$(TEST_HOST)";
				FRAMEWORK_SEARCH_PATHS = (
					"$(SDKROOT)/Developer/Library/Frameworks",
					"$(inherited)",
				);
				INFOPLIST_FILE = recordTestTests/Info.plist;
				LD_RUNPATH_SEARCH_PATHS = "$(inherited) @executable_path/Frameworks @loader_path/Frameworks";
				PRODUCT_NAME = "$(TARGET_NAME)";
				TEST_HOST = "$(BUILT_PRODUCTS_DIR)/recordTest.app/recordTest";
			};
			name = Release;
		};
/* End XCBuildConfiguration section */

/* Begin XCConfigurationList section */
		38E7A2511A6A27A40079B975 /* Build configuration list for PBXProject "recordTest" */ = {
			isa = XCConfigurationList;
			buildConfigurations = (
				38E7A27A1A6A27A50079B975 /* Debug */,
				38E7A27B1A6A27A50079B975 /* Release */,
			);
			defaultConfigurationIsVisible = 0;
			defaultConfigurationName = Release;
		};
		38E7A27C1A6A27A50079B975 /* Build configuration list for PBXNativeTarget "recordTest" */ = {
			isa = XCConfigurationList;
			buildConfigurations = (
				38E7A27D1A6A27A50079B975 /* Debug */,
				38E7A27E1A6A27A50079B975 /* Release */,
			);
			defaultConfigurationIsVisible = 0;
			defaultConfigurationName = Release;
		};
		38E7A27F1A6A27A50079B975 /* Build configuration list for PBXNativeTarget "recordTestTests" */ = {
			isa = XCConfigurationList;
			buildConfigurations = (
				38E7A2801A6A27A50079B975 /* Debug */,
				38E7A2811A6A27A50079B975 /* Release */,
			);
			defaultConfigurationIsVisible = 0;
			defaultConfigurationName = Release;
		};
/* End XCConfigurationList section */

/* Begin XCVersionGroup section */
		38E7A2601A6A27A40079B975 /* recordTest.xcdatamodeld */ = {
			isa = XCVersionGroup;
			children = (
				38E7A2611A6A27A40079B975 /* recordTest.xcdatamodel */,
			);
			currentVersion = 38E7A2611A6A27A40079B975 /* recordTest.xcdatamodel */;
			path = recordTest.xcdatamodeld;
			sourceTree = "<group>";
			versionGroupType = wrapper.xcdatamodel;
		};
/* End XCVersionGroup section */
	};
	rootObject = 38E7A24E1A6A27A40079B975 /* Project object */;
}
