// !$*UTF8*$!
{
	archiveVersion = 1;
	classes = {
	};
	objectVersion = 46;
	objects = {

/* Begin PBXBuildFile section */
		38105D111A90F2C500284860 /* firstlaunch1.png in Resources */ = {isa = PBXBuildFile; fileRef = 38105D0E1A90F2C500284860 /* firstlaunch1.png */; };
		38105D121A90F2C500284860 /* firstlaunch2.png in Resources */ = {isa = PBXBuildFile; fileRef = 38105D0F1A90F2C500284860 /* firstlaunch2.png */; };
		38105D131A90F2C500284860 /* firstlaunch3.png in Resources */ = {isa = PBXBuildFile; fileRef = 38105D101A90F2C500284860 /* firstlaunch3.png */; };
		38105D231A93037900284860 /* pause.png in Resources */ = {isa = PBXBuildFile; fileRef = 38105D201A93037900284860 /* pause.png */; };
		38105D241A93037900284860 /* play.png in Resources */ = {isa = PBXBuildFile; fileRef = 38105D211A93037900284860 /* play.png */; };
		38105D251A93037900284860 /* stop.png in Resources */ = {isa = PBXBuildFile; fileRef = 38105D221A93037900284860 /* stop.png */; };
		382B7D241AA77922000956C9 /* mielogo_purple.png in Resources */ = {isa = PBXBuildFile; fileRef = 382B7D231AA77922000956C9 /* mielogo_purple.png */; };
		384E06871A7380DB0008AFF8 /* libc++.dylib in Frameworks */ = {isa = PBXBuildFile; fileRef = 384E06861A7380DB0008AFF8 /* libc++.dylib */; };
		3852B8111A7A841100C7C7C5 /* funny.png in Resources */ = {isa = PBXBuildFile; fileRef = 3852B8101A7A841100C7C7C5 /* funny.png */; };
		3852B8FD1A7BDA5900C7C7C5 /* BaseViewController.m in Sources */ = {isa = PBXBuildFile; fileRef = 3852B8FC1A7BDA5900C7C7C5 /* BaseViewController.m */; };
		3852B9081A7BDAA600C7C7C5 /* AudiosViewController.m in Sources */ = {isa = PBXBuildFile; fileRef = 3852B8FF1A7BDAA600C7C7C5 /* AudiosViewController.m */; };
		3852B9091A7BDAA600C7C7C5 /* CategoriesViewController.m in Sources */ = {isa = PBXBuildFile; fileRef = 3852B9011A7BDAA600C7C7C5 /* CategoriesViewController.m */; };
		3852B90A1A7BDAA600C7C7C5 /* FirstViewController.m in Sources */ = {isa = PBXBuildFile; fileRef = 3852B9031A7BDAA600C7C7C5 /* FirstViewController.m */; };
		3852B90B1A7BDAA600C7C7C5 /* PlayViewController.m in Sources */ = {isa = PBXBuildFile; fileRef = 3852B9051A7BDAA600C7C7C5 /* PlayViewController.m */; };
		3852B90C1A7BDAA600C7C7C5 /* RecordAndPlayViewController.m in Sources */ = {isa = PBXBuildFile; fileRef = 3852B9071A7BDAA600C7C7C5 /* RecordAndPlayViewController.m */; };
		3852B9111A7BF2BD00C7C7C5 /* libz.1.2.5.dylib in Frameworks */ = {isa = PBXBuildFile; fileRef = 38E7A4CE1A737A0B0079B975 /* libz.1.2.5.dylib */; };
		3852B9121A7BF2CF00C7C7C5 /* libicucore.dylib in Frameworks */ = {isa = PBXBuildFile; fileRef = 38E7A4D01A737A230079B975 /* libicucore.dylib */; };
		3852B9191A7BF63000C7C7C5 /* CoreLocation.framework in Frameworks */ = {isa = PBXBuildFile; fileRef = 3852B9181A7BF63000C7C7C5 /* CoreLocation.framework */; };
		3852B91B1A7BF63A00C7C7C5 /* Security.framework in Frameworks */ = {isa = PBXBuildFile; fileRef = 3852B91A1A7BF63A00C7C7C5 /* Security.framework */; };
		3852B91D1A7BF64A00C7C7C5 /* MobileCoreServices.framework in Frameworks */ = {isa = PBXBuildFile; fileRef = 3852B91C1A7BF64A00C7C7C5 /* MobileCoreServices.framework */; };
		3852B91F1A7BF65600C7C7C5 /* CFNetwork.framework in Frameworks */ = {isa = PBXBuildFile; fileRef = 3852B91E1A7BF65600C7C7C5 /* CFNetwork.framework */; };
		3852B9211A7BF66000C7C7C5 /* CoreTelephony.framework in Frameworks */ = {isa = PBXBuildFile; fileRef = 3852B9201A7BF66000C7C7C5 /* CoreTelephony.framework */; };
		3852B9231A7BF66A00C7C7C5 /* SystemConfiguration.framework in Frameworks */ = {isa = PBXBuildFile; fileRef = 3852B9221A7BF66A00C7C7C5 /* SystemConfiguration.framework */; };
		3852B9251A7BF67B00C7C7C5 /* libsqlite3.dylib in Frameworks */ = {isa = PBXBuildFile; fileRef = 3852B9241A7BF67B00C7C7C5 /* libsqlite3.dylib */; };
		3852B9271A7BF68A00C7C7C5 /* MediaPlayer.framework in Frameworks */ = {isa = PBXBuildFile; fileRef = 3852B9261A7BF68A00C7C7C5 /* MediaPlayer.framework */; };
		3852B9EA1A7CF57E00C7C7C5 /* QuartzCore.framework in Frameworks */ = {isa = PBXBuildFile; fileRef = 3852B9E91A7CF57E00C7C7C5 /* QuartzCore.framework */; };
		3852B9EC1A7CF5BD00C7C7C5 /* ImageIO.framework in Frameworks */ = {isa = PBXBuildFile; fileRef = 3852B9EB1A7CF5BD00C7C7C5 /* ImageIO.framework */; };
		3852B9EE1A7CF5C600C7C7C5 /* Social.framework in Frameworks */ = {isa = PBXBuildFile; fileRef = 3852B9ED1A7CF5C600C7C7C5 /* Social.framework */; };
		3852B9F01A7CF5CB00C7C7C5 /* Accounts.framework in Frameworks */ = {isa = PBXBuildFile; fileRef = 3852B9EF1A7CF5CB00C7C7C5 /* Accounts.framework */; };
		3852B9F21A7CF5D400C7C7C5 /* MessageUI.framework in Frameworks */ = {isa = PBXBuildFile; fileRef = 3852B9F11A7CF5D400C7C7C5 /* MessageUI.framework */; };
		3852BA021A7F6FB400C7C7C5 /* MBase.m in Sources */ = {isa = PBXBuildFile; fileRef = 3852BA011A7F6FB400C7C7C5 /* MBase.m */; };
		3852BA081A7F72C500C7C7C5 /* AudioCat.m in Sources */ = {isa = PBXBuildFile; fileRef = 3852BA071A7F72C500C7C7C5 /* AudioCat.m */; };
		3852BA0B1A7F74B400C7C7C5 /* Audio.m in Sources */ = {isa = PBXBuildFile; fileRef = 3852BA0A1A7F74B400C7C7C5 /* Audio.m */; };
		3852BA0E1A7F940900C7C7C5 /* QuoteViewController.m in Sources */ = {isa = PBXBuildFile; fileRef = 3852BA0D1A7F940900C7C7C5 /* QuoteViewController.m */; };
		385E16BB1A73F41200D61DD8 /* AudioFileCell.m in Sources */ = {isa = PBXBuildFile; fileRef = 385E16BA1A73F41200D61DD8 /* AudioFileCell.m */; };
		38A3A6B61AD3D74700EBD070 /* libPods.a in Frameworks */ = {isa = PBXBuildFile; fileRef = 38A3A6B51AD3D74700EBD070 /* libPods.a */; };
		38A4E8921AD3B03700F1665D /* MieAPI.m in Sources */ = {isa = PBXBuildFile; fileRef = 38A4E8911AD3B03700F1665D /* MieAPI.m */; };
		38A4E8951AD3B04800F1665D /* AudioManager.m in Sources */ = {isa = PBXBuildFile; fileRef = 38A4E8941AD3B04800F1665D /* AudioManager.m */; };
		38A80A5B1A73A72100FAA28B /* WanwanStyleCell.m in Sources */ = {isa = PBXBuildFile; fileRef = 38A80A5A1A73A72100FAA28B /* WanwanStyleCell.m */; };
		38E7A25C1A6A27A40079B975 /* main.m in Sources */ = {isa = PBXBuildFile; fileRef = 38E7A25B1A6A27A40079B975 /* main.m */; };
		38E7A25F1A6A27A40079B975 /* AppDelegate.m in Sources */ = {isa = PBXBuildFile; fileRef = 38E7A25E1A6A27A40079B975 /* AppDelegate.m */; };
		38E7A2621A6A27A40079B975 /* recordTest.xcdatamodeld in Sources */ = {isa = PBXBuildFile; fileRef = 38E7A2601A6A27A40079B975 /* recordTest.xcdatamodeld */; };
		38E7A2681A6A27A40079B975 /* Main.storyboard in Resources */ = {isa = PBXBuildFile; fileRef = 38E7A2661A6A27A40079B975 /* Main.storyboard */; };
		38E7A26A1A6A27A40079B975 /* Images.xcassets in Resources */ = {isa = PBXBuildFile; fileRef = 38E7A2691A6A27A40079B975 /* Images.xcassets */; };
		38E7A26D1A6A27A40079B975 /* LaunchScreen.xib in Resources */ = {isa = PBXBuildFile; fileRef = 38E7A26B1A6A27A40079B975 /* LaunchScreen.xib */; };
		38E7A2791A6A27A50079B975 /* recordTestTests.m in Sources */ = {isa = PBXBuildFile; fileRef = 38E7A2781A6A27A50079B975 /* recordTestTests.m */; };
		38E7A2831A6A28A30079B975 /* AVFoundation.framework in Frameworks */ = {isa = PBXBuildFile; fileRef = 38E7A2821A6A28A30079B975 /* AVFoundation.framework */; };
		38E7A2851A6A28B50079B975 /* Foundation.framework in Frameworks */ = {isa = PBXBuildFile; fileRef = 38E7A2841A6A28B50079B975 /* Foundation.framework */; };
		38E7A2871A6A29800079B975 /* CoreGraphics.framework in Frameworks */ = {isa = PBXBuildFile; fileRef = 38E7A2861A6A29800079B975 /* CoreGraphics.framework */; };
		38E7A2891A6A29860079B975 /* UIKit.framework in Frameworks */ = {isa = PBXBuildFile; fileRef = 38E7A2881A6A29860079B975 /* UIKit.framework */; };
		38E7A4CD1A7379910079B975 /* Podfile in Resources */ = {isa = PBXBuildFile; fileRef = 38E7A4CC1A7379910079B975 /* Podfile */; };
		38F932DE1A9A319B00415FE1 /* mielogo.png in Resources */ = {isa = PBXBuildFile; fileRef = 38F932DD1A9A319B00415FE1 /* mielogo.png */; };
/* End PBXBuildFile section */

/* Begin PBXContainerItemProxy section */
		38E7A2731A6A27A50079B975 /* PBXContainerItemProxy */ = {
			isa = PBXContainerItemProxy;
			containerPortal = 38E7A24E1A6A27A40079B975 /* Project object */;
			proxyType = 1;
			remoteGlobalIDString = 38E7A2551A6A27A40079B975;
			remoteInfo = recordTest;
		};
/* End PBXContainerItemProxy section */

/* Begin PBXFileReference section */
		38105D0E1A90F2C500284860 /* firstlaunch1.png */ = {isa = PBXFileReference; lastKnownFileType = image.png; path = firstlaunch1.png; sourceTree = "<group>"; };
		38105D0F1A90F2C500284860 /* firstlaunch2.png */ = {isa = PBXFileReference; lastKnownFileType = image.png; path = firstlaunch2.png; sourceTree = "<group>"; };
		38105D101A90F2C500284860 /* firstlaunch3.png */ = {isa = PBXFileReference; lastKnownFileType = image.png; path = firstlaunch3.png; sourceTree = "<group>"; };
		38105D201A93037900284860 /* pause.png */ = {isa = PBXFileReference; lastKnownFileType = image.png; path = pause.png; sourceTree = "<group>"; };
		38105D211A93037900284860 /* play.png */ = {isa = PBXFileReference; lastKnownFileType = image.png; path = play.png; sourceTree = "<group>"; };
		38105D221A93037900284860 /* stop.png */ = {isa = PBXFileReference; lastKnownFileType = image.png; path = stop.png; sourceTree = "<group>"; };
		382B7D231AA77922000956C9 /* mielogo_purple.png */ = {isa = PBXFileReference; lastKnownFileType = image.png; path = mielogo_purple.png; sourceTree = "<group>"; };
		384E06861A7380DB0008AFF8 /* libc++.dylib */ = {isa = PBXFileReference; lastKnownFileType = "compiled.mach-o.dylib"; name = "libc++.dylib"; path = "usr/lib/libc++.dylib"; sourceTree = SDKROOT; };
		3852B8101A7A841100C7C7C5 /* funny.png */ = {isa = PBXFileReference; lastKnownFileType = image.png; path = funny.png; sourceTree = "<group>"; };
		3852B8FB1A7BDA5900C7C7C5 /* BaseViewController.h */ = {isa = PBXFileReference; fileEncoding = 4; lastKnownFileType = sourcecode.c.h; lineEnding = 0; path = BaseViewController.h; sourceTree = "<group>"; xcLanguageSpecificationIdentifier = xcode.lang.objcpp; };
		3852B8FC1A7BDA5900C7C7C5 /* BaseViewController.m */ = {isa = PBXFileReference; fileEncoding = 4; lastKnownFileType = sourcecode.c.objc; lineEnding = 0; path = BaseViewController.m; sourceTree = "<group>"; xcLanguageSpecificationIdentifier = xcode.lang.objc; };
		3852B8FE1A7BDAA600C7C7C5 /* AudiosViewController.h */ = {isa = PBXFileReference; fileEncoding = 4; lastKnownFileType = sourcecode.c.h; lineEnding = 0; path = AudiosViewController.h; sourceTree = "<group>"; xcLanguageSpecificationIdentifier = xcode.lang.objcpp; };
		3852B8FF1A7BDAA600C7C7C5 /* AudiosViewController.m */ = {isa = PBXFileReference; fileEncoding = 4; lastKnownFileType = sourcecode.c.objc; lineEnding = 0; path = AudiosViewController.m; sourceTree = "<group>"; xcLanguageSpecificationIdentifier = xcode.lang.objc; };
		3852B9001A7BDAA600C7C7C5 /* CategoriesViewController.h */ = {isa = PBXFileReference; fileEncoding = 4; lastKnownFileType = sourcecode.c.h; lineEnding = 0; path = CategoriesViewController.h; sourceTree = "<group>"; xcLanguageSpecificationIdentifier = xcode.lang.objcpp; };
		3852B9011A7BDAA600C7C7C5 /* CategoriesViewController.m */ = {isa = PBXFileReference; fileEncoding = 4; lastKnownFileType = sourcecode.c.objc; lineEnding = 0; path = CategoriesViewController.m; sourceTree = "<group>"; xcLanguageSpecificationIdentifier = xcode.lang.objc; };
		3852B9021A7BDAA600C7C7C5 /* FirstViewController.h */ = {isa = PBXFileReference; fileEncoding = 4; lastKnownFileType = sourcecode.c.h; lineEnding = 0; path = FirstViewController.h; sourceTree = "<group>"; xcLanguageSpecificationIdentifier = xcode.lang.objcpp; };
		3852B9031A7BDAA600C7C7C5 /* FirstViewController.m */ = {isa = PBXFileReference; fileEncoding = 4; lastKnownFileType = sourcecode.c.objc; lineEnding = 0; path = FirstViewController.m; sourceTree = "<group>"; xcLanguageSpecificationIdentifier = xcode.lang.objc; };
		3852B9041A7BDAA600C7C7C5 /* PlayViewController.h */ = {isa = PBXFileReference; fileEncoding = 4; lastKnownFileType = sourcecode.c.h; lineEnding = 0; path = PlayViewController.h; sourceTree = "<group>"; xcLanguageSpecificationIdentifier = xcode.lang.objcpp; };
		3852B9051A7BDAA600C7C7C5 /* PlayViewController.m */ = {isa = PBXFileReference; fileEncoding = 4; lastKnownFileType = sourcecode.c.objc; lineEnding = 0; path = PlayViewController.m; sourceTree = "<group>"; xcLanguageSpecificationIdentifier = xcode.lang.objc; };
		3852B9061A7BDAA600C7C7C5 /* RecordAndPlayViewController.h */ = {isa = PBXFileReference; fileEncoding = 4; lastKnownFileType = sourcecode.c.h; lineEnding = 0; path = RecordAndPlayViewController.h; sourceTree = "<group>"; xcLanguageSpecificationIdentifier = xcode.lang.objcpp; };
		3852B9071A7BDAA600C7C7C5 /* RecordAndPlayViewController.m */ = {isa = PBXFileReference; fileEncoding = 4; lastKnownFileType = sourcecode.c.objc; path = RecordAndPlayViewController.m; sourceTree = "<group>"; };
		3852B90D1A7BF23000C7C7C5 /* libPods-BmobSDK.a */ = {isa = PBXFileReference; lastKnownFileType = archive.ar; name = "libPods-BmobSDK.a"; path = "Pods/build/Debug-iphoneos/libPods-BmobSDK.a"; sourceTree = "<group>"; };
		3852B90F1A7BF27A00C7C7C5 /* BmobSDK.framework */ = {isa = PBXFileReference; lastKnownFileType = wrapper.framework; name = BmobSDK.framework; path = Pods/BmobSDK/BmobSDK.framework; sourceTree = "<group>"; };
		3852B9131A7BF43300C7C7C5 /* libPods-BmobSDK.a */ = {isa = PBXFileReference; lastKnownFileType = archive.ar; name = "libPods-BmobSDK.a"; path = "Pods/build/Debug-iphoneos/libPods-BmobSDK.a"; sourceTree = "<group>"; };
		3852B9181A7BF63000C7C7C5 /* CoreLocation.framework */ = {isa = PBXFileReference; lastKnownFileType = wrapper.framework; name = CoreLocation.framework; path = System/Library/Frameworks/CoreLocation.framework; sourceTree = SDKROOT; };
		3852B91A1A7BF63A00C7C7C5 /* Security.framework */ = {isa = PBXFileReference; lastKnownFileType = wrapper.framework; name = Security.framework; path = System/Library/Frameworks/Security.framework; sourceTree = SDKROOT; };
		3852B91C1A7BF64A00C7C7C5 /* MobileCoreServices.framework */ = {isa = PBXFileReference; lastKnownFileType = wrapper.framework; name = MobileCoreServices.framework; path = System/Library/Frameworks/MobileCoreServices.framework; sourceTree = SDKROOT; };
		3852B91E1A7BF65600C7C7C5 /* CFNetwork.framework */ = {isa = PBXFileReference; lastKnownFileType = wrapper.framework; name = CFNetwork.framework; path = System/Library/Frameworks/CFNetwork.framework; sourceTree = SDKROOT; };
		3852B9201A7BF66000C7C7C5 /* CoreTelephony.framework */ = {isa = PBXFileReference; lastKnownFileType = wrapper.framework; name = CoreTelephony.framework; path = System/Library/Frameworks/CoreTelephony.framework; sourceTree = SDKROOT; };
		3852B9221A7BF66A00C7C7C5 /* SystemConfiguration.framework */ = {isa = PBXFileReference; lastKnownFileType = wrapper.framework; name = SystemConfiguration.framework; path = System/Library/Frameworks/SystemConfiguration.framework; sourceTree = SDKROOT; };
		3852B9241A7BF67B00C7C7C5 /* libsqlite3.dylib */ = {isa = PBXFileReference; lastKnownFileType = "compiled.mach-o.dylib"; name = libsqlite3.dylib; path = usr/lib/libsqlite3.dylib; sourceTree = SDKROOT; };
		3852B9261A7BF68A00C7C7C5 /* MediaPlayer.framework */ = {isa = PBXFileReference; lastKnownFileType = wrapper.framework; name = MediaPlayer.framework; path = System/Library/Frameworks/MediaPlayer.framework; sourceTree = SDKROOT; };
		3852B9E91A7CF57E00C7C7C5 /* QuartzCore.framework */ = {isa = PBXFileReference; lastKnownFileType = wrapper.framework; name = QuartzCore.framework; path = System/Library/Frameworks/QuartzCore.framework; sourceTree = SDKROOT; };
		3852B9EB1A7CF5BD00C7C7C5 /* ImageIO.framework */ = {isa = PBXFileReference; lastKnownFileType = wrapper.framework; name = ImageIO.framework; path = System/Library/Frameworks/ImageIO.framework; sourceTree = SDKROOT; };
		3852B9ED1A7CF5C600C7C7C5 /* Social.framework */ = {isa = PBXFileReference; lastKnownFileType = wrapper.framework; name = Social.framework; path = System/Library/Frameworks/Social.framework; sourceTree = SDKROOT; };
		3852B9EF1A7CF5CB00C7C7C5 /* Accounts.framework */ = {isa = PBXFileReference; lastKnownFileType = wrapper.framework; name = Accounts.framework; path = System/Library/Frameworks/Accounts.framework; sourceTree = SDKROOT; };
		3852B9F11A7CF5D400C7C7C5 /* MessageUI.framework */ = {isa = PBXFileReference; lastKnownFileType = wrapper.framework; name = MessageUI.framework; path = System/Library/Frameworks/MessageUI.framework; sourceTree = SDKROOT; };
		3852BA001A7F6FB400C7C7C5 /* MBase.h */ = {isa = PBXFileReference; fileEncoding = 4; lastKnownFileType = sourcecode.c.h; lineEnding = 0; path = MBase.h; sourceTree = "<group>"; xcLanguageSpecificationIdentifier = xcode.lang.objcpp; };
		3852BA011A7F6FB400C7C7C5 /* MBase.m */ = {isa = PBXFileReference; fileEncoding = 4; lastKnownFileType = sourcecode.c.objc; lineEnding = 0; path = MBase.m; sourceTree = "<group>"; xcLanguageSpecificationIdentifier = xcode.lang.objc; };
		3852BA061A7F72C500C7C7C5 /* AudioCat.h */ = {isa = PBXFileReference; fileEncoding = 4; lastKnownFileType = sourcecode.c.h; lineEnding = 0; path = AudioCat.h; sourceTree = "<group>"; xcLanguageSpecificationIdentifier = xcode.lang.objcpp; };
		3852BA071A7F72C500C7C7C5 /* AudioCat.m */ = {isa = PBXFileReference; fileEncoding = 4; lastKnownFileType = sourcecode.c.objc; lineEnding = 0; path = AudioCat.m; sourceTree = "<group>"; xcLanguageSpecificationIdentifier = xcode.lang.objc; };
		3852BA091A7F74B400C7C7C5 /* Audio.h */ = {isa = PBXFileReference; fileEncoding = 4; lastKnownFileType = sourcecode.c.h; lineEnding = 0; path = Audio.h; sourceTree = "<group>"; xcLanguageSpecificationIdentifier = xcode.lang.objcpp; };
		3852BA0A1A7F74B400C7C7C5 /* Audio.m */ = {isa = PBXFileReference; fileEncoding = 4; lastKnownFileType = sourcecode.c.objc; lineEnding = 0; path = Audio.m; sourceTree = "<group>"; xcLanguageSpecificationIdentifier = xcode.lang.objc; };
		3852BA0C1A7F940900C7C7C5 /* QuoteViewController.h */ = {isa = PBXFileReference; fileEncoding = 4; lastKnownFileType = sourcecode.c.h; lineEnding = 0; path = QuoteViewController.h; sourceTree = "<group>"; xcLanguageSpecificationIdentifier = xcode.lang.objcpp; };
		3852BA0D1A7F940900C7C7C5 /* QuoteViewController.m */ = {isa = PBXFileReference; fileEncoding = 4; lastKnownFileType = sourcecode.c.objc; lineEnding = 0; path = QuoteViewController.m; sourceTree = "<group>"; xcLanguageSpecificationIdentifier = xcode.lang.objc; };
		385E16B91A73F41200D61DD8 /* AudioFileCell.h */ = {isa = PBXFileReference; fileEncoding = 4; lastKnownFileType = sourcecode.c.h; lineEnding = 0; path = AudioFileCell.h; sourceTree = "<group>"; xcLanguageSpecificationIdentifier = xcode.lang.objcpp; };
		385E16BA1A73F41200D61DD8 /* AudioFileCell.m */ = {isa = PBXFileReference; fileEncoding = 4; lastKnownFileType = sourcecode.c.objc; lineEnding = 0; path = AudioFileCell.m; sourceTree = "<group>"; xcLanguageSpecificationIdentifier = xcode.lang.objc; };
		38A3A6B51AD3D74700EBD070 /* libPods.a */ = {isa = PBXFileReference; lastKnownFileType = archive.ar; name = libPods.a; path = "Pods/../build/Debug-iphoneos/libPods.a"; sourceTree = "<group>"; };
		38A4E8901AD3B03700F1665D /* MieAPI.h */ = {isa = PBXFileReference; fileEncoding = 4; lastKnownFileType = sourcecode.c.h; path = MieAPI.h; sourceTree = "<group>"; };
		38A4E8911AD3B03700F1665D /* MieAPI.m */ = {isa = PBXFileReference; fileEncoding = 4; lastKnownFileType = sourcecode.c.objc; path = MieAPI.m; sourceTree = "<group>"; };
		38A4E8931AD3B04800F1665D /* AudioManager.h */ = {isa = PBXFileReference; fileEncoding = 4; lastKnownFileType = sourcecode.c.h; path = AudioManager.h; sourceTree = "<group>"; };
		38A4E8941AD3B04800F1665D /* AudioManager.m */ = {isa = PBXFileReference; fileEncoding = 4; lastKnownFileType = sourcecode.c.objc; path = AudioManager.m; sourceTree = "<group>"; };
		38A80A591A73A72100FAA28B /* WanwanStyleCell.h */ = {isa = PBXFileReference; fileEncoding = 4; lastKnownFileType = sourcecode.c.h; path = WanwanStyleCell.h; sourceTree = "<group>"; };
		38A80A5A1A73A72100FAA28B /* WanwanStyleCell.m */ = {isa = PBXFileReference; fileEncoding = 4; lastKnownFileType = sourcecode.c.objc; path = WanwanStyleCell.m; sourceTree = "<group>"; };
		38E7A2561A6A27A40079B975 /* mie.app */ = {isa = PBXFileReference; explicitFileType = wrapper.application; includeInIndex = 0; path = mie.app; sourceTree = BUILT_PRODUCTS_DIR; };
		38E7A25A1A6A27A40079B975 /* Info.plist */ = {isa = PBXFileReference; lastKnownFileType = text.plist.xml; path = Info.plist; sourceTree = "<group>"; };
		38E7A25B1A6A27A40079B975 /* main.m */ = {isa = PBXFileReference; lastKnownFileType = sourcecode.c.objc; lineEnding = 0; path = main.m; sourceTree = "<group>"; xcLanguageSpecificationIdentifier = xcode.lang.objc; };
		38E7A25D1A6A27A40079B975 /* AppDelegate.h */ = {isa = PBXFileReference; lastKnownFileType = sourcecode.c.h; path = AppDelegate.h; sourceTree = "<group>"; };
		38E7A25E1A6A27A40079B975 /* AppDelegate.m */ = {isa = PBXFileReference; lastKnownFileType = sourcecode.c.objc; path = AppDelegate.m; sourceTree = "<group>"; };
		38E7A2611A6A27A40079B975 /* recordTest.xcdatamodel */ = {isa = PBXFileReference; lastKnownFileType = wrapper.xcdatamodel; path = recordTest.xcdatamodel; sourceTree = "<group>"; };
		38E7A2671A6A27A40079B975 /* Base */ = {isa = PBXFileReference; lastKnownFileType = file.storyboard; name = Base; path = Base.lproj/Main.storyboard; sourceTree = "<group>"; };
		38E7A2691A6A27A40079B975 /* Images.xcassets */ = {isa = PBXFileReference; lastKnownFileType = folder.assetcatalog; name = Images.xcassets; path = recordTest/Images.xcassets; sourceTree = "<group>"; };
		38E7A26C1A6A27A40079B975 /* Base */ = {isa = PBXFileReference; lastKnownFileType = file.xib; name = Base; path = Base.lproj/LaunchScreen.xib; sourceTree = "<group>"; };
		38E7A2721A6A27A50079B975 /* mieTests.xctest */ = {isa = PBXFileReference; explicitFileType = wrapper.cfbundle; includeInIndex = 0; path = mieTests.xctest; sourceTree = BUILT_PRODUCTS_DIR; };
		38E7A2771A6A27A50079B975 /* Info.plist */ = {isa = PBXFileReference; lastKnownFileType = text.plist.xml; path = Info.plist; sourceTree = "<group>"; };
		38E7A2781A6A27A50079B975 /* recordTestTests.m */ = {isa = PBXFileReference; lastKnownFileType = sourcecode.c.objc; path = recordTestTests.m; sourceTree = "<group>"; };
		38E7A2821A6A28A30079B975 /* AVFoundation.framework */ = {isa = PBXFileReference; lastKnownFileType = wrapper.framework; name = AVFoundation.framework; path = System/Library/Frameworks/AVFoundation.framework; sourceTree = SDKROOT; };
		38E7A2841A6A28B50079B975 /* Foundation.framework */ = {isa = PBXFileReference; lastKnownFileType = wrapper.framework; name = Foundation.framework; path = System/Library/Frameworks/Foundation.framework; sourceTree = SDKROOT; };
		38E7A2861A6A29800079B975 /* CoreGraphics.framework */ = {isa = PBXFileReference; lastKnownFileType = wrapper.framework; name = CoreGraphics.framework; path = System/Library/Frameworks/CoreGraphics.framework; sourceTree = SDKROOT; };
		38E7A2881A6A29860079B975 /* UIKit.framework */ = {isa = PBXFileReference; lastKnownFileType = wrapper.framework; name = UIKit.framework; path = System/Library/Frameworks/UIKit.framework; sourceTree = SDKROOT; };
		38E7A4CC1A7379910079B975 /* Podfile */ = {isa = PBXFileReference; fileEncoding = 4; lastKnownFileType = text; path = Podfile; sourceTree = "<group>"; xcLanguageSpecificationIdentifier = xcode.lang.ruby; };
		38E7A4CE1A737A0B0079B975 /* libz.1.2.5.dylib */ = {isa = PBXFileReference; lastKnownFileType = "compiled.mach-o.dylib"; name = libz.1.2.5.dylib; path = usr/lib/libz.1.2.5.dylib; sourceTree = SDKROOT; };
		38E7A4D01A737A230079B975 /* libicucore.dylib */ = {isa = PBXFileReference; lastKnownFileType = "compiled.mach-o.dylib"; name = libicucore.dylib; path = usr/lib/libicucore.dylib; sourceTree = SDKROOT; };
		38E7A4D21A737A900079B975 /* miepai.pch */ = {isa = PBXFileReference; fileEncoding = 4; lastKnownFileType = sourcecode.c.h; lineEnding = 0; path = miepai.pch; sourceTree = "<group>"; xcLanguageSpecificationIdentifier = xcode.lang.objc; };
		38E7A4D31A737C0B0079B975 /* libPods-BmobSDK.a */ = {isa = PBXFileReference; lastKnownFileType = archive.ar; name = "libPods-BmobSDK.a"; path = "Pods/build/Debug-iphoneos/libPods-BmobSDK.a"; sourceTree = "<group>"; };
		38F932DD1A9A319B00415FE1 /* mielogo.png */ = {isa = PBXFileReference; lastKnownFileType = image.png; path = mielogo.png; sourceTree = "<group>"; };
		A87B7D9C85128A02900D8A80 /* Pods.release.xcconfig */ = {isa = PBXFileReference; includeInIndex = 1; lastKnownFileType = text.xcconfig; name = Pods.release.xcconfig; path = "Pods/Target Support Files/Pods/Pods.release.xcconfig"; sourceTree = "<group>"; };
		D246512477A53FEB2E903937 /* libPods.a */ = {isa = PBXFileReference; explicitFileType = archive.ar; includeInIndex = 0; path = libPods.a; sourceTree = BUILT_PRODUCTS_DIR; };
		D2F5C32831406B274A084113 /* Pods.debug.xcconfig */ = {isa = PBXFileReference; includeInIndex = 1; lastKnownFileType = text.xcconfig; name = Pods.debug.xcconfig; path = "Pods/Target Support Files/Pods/Pods.debug.xcconfig"; sourceTree = "<group>"; };
/* End PBXFileReference section */

/* Begin PBXFrameworksBuildPhase section */
		38E7A2531A6A27A40079B975 /* Frameworks */ = {
			isa = PBXFrameworksBuildPhase;
			buildActionMask = 2147483647;
			files = (
				38A3A6B61AD3D74700EBD070 /* libPods.a in Frameworks */,
				3852B91F1A7BF65600C7C7C5 /* CFNetwork.framework in Frameworks */,
				3852B91B1A7BF63A00C7C7C5 /* Security.framework in Frameworks */,
				3852B9231A7BF66A00C7C7C5 /* SystemConfiguration.framework in Frameworks */,
				3852B9F21A7CF5D400C7C7C5 /* MessageUI.framework in Frameworks */,
				3852B9F01A7CF5CB00C7C7C5 /* Accounts.framework in Frameworks */,
				3852B9EE1A7CF5C600C7C7C5 /* Social.framework in Frameworks */,
				3852B9EC1A7CF5BD00C7C7C5 /* ImageIO.framework in Frameworks */,
				3852B9EA1A7CF57E00C7C7C5 /* QuartzCore.framework in Frameworks */,
				3852B9271A7BF68A00C7C7C5 /* MediaPlayer.framework in Frameworks */,
				3852B9251A7BF67B00C7C7C5 /* libsqlite3.dylib in Frameworks */,
				3852B9211A7BF66000C7C7C5 /* CoreTelephony.framework in Frameworks */,
				3852B91D1A7BF64A00C7C7C5 /* MobileCoreServices.framework in Frameworks */,
				38E7A2871A6A29800079B975 /* CoreGraphics.framework in Frameworks */,
				3852B9191A7BF63000C7C7C5 /* CoreLocation.framework in Frameworks */,
				3852B9121A7BF2CF00C7C7C5 /* libicucore.dylib in Frameworks */,
				3852B9111A7BF2BD00C7C7C5 /* libz.1.2.5.dylib in Frameworks */,
				384E06871A7380DB0008AFF8 /* libc++.dylib in Frameworks */,
				38E7A2891A6A29860079B975 /* UIKit.framework in Frameworks */,
				38E7A2851A6A28B50079B975 /* Foundation.framework in Frameworks */,
				38E7A2831A6A28A30079B975 /* AVFoundation.framework in Frameworks */,
			);
			runOnlyForDeploymentPostprocessing = 0;
		};
		38E7A26F1A6A27A50079B975 /* Frameworks */ = {
			isa = PBXFrameworksBuildPhase;
			buildActionMask = 2147483647;
			files = (
			);
			runOnlyForDeploymentPostprocessing = 0;
		};
/* End PBXFrameworksBuildPhase section */

/* Begin PBXGroup section */
		384E06881A7384720008AFF8 /* Models */ = {
			isa = PBXGroup;
			children = (
				3852BA061A7F72C500C7C7C5 /* AudioCat.h */,
				3852BA071A7F72C500C7C7C5 /* AudioCat.m */,
				3852BA091A7F74B400C7C7C5 /* Audio.h */,
				3852BA0A1A7F74B400C7C7C5 /* Audio.m */,
				3852BA001A7F6FB400C7C7C5 /* MBase.h */,
				3852BA011A7F6FB400C7C7C5 /* MBase.m */,
			);
			path = Models;
			sourceTree = "<group>";
		};
		3852B80F1A7A83FC00C7C7C5 /* Resources */ = {
			isa = PBXGroup;
			children = (
				382B7D231AA77922000956C9 /* mielogo_purple.png */,
				38F932DD1A9A319B00415FE1 /* mielogo.png */,
				38105D201A93037900284860 /* pause.png */,
				38105D211A93037900284860 /* play.png */,
				38105D221A93037900284860 /* stop.png */,
				38105D0E1A90F2C500284860 /* firstlaunch1.png */,
				38105D0F1A90F2C500284860 /* firstlaunch2.png */,
				38105D101A90F2C500284860 /* firstlaunch3.png */,
				3852B8101A7A841100C7C7C5 /* funny.png */,
			);
			path = Resources;
			sourceTree = "<group>";
		};
		3852B8FA1A7BD9EB00C7C7C5 /* ViewControllers */ = {
			isa = PBXGroup;
			children = (
				3852B8FB1A7BDA5900C7C7C5 /* BaseViewController.h */,
				3852B8FC1A7BDA5900C7C7C5 /* BaseViewController.m */,
				3852B9021A7BDAA600C7C7C5 /* FirstViewController.h */,
				3852B9031A7BDAA600C7C7C5 /* FirstViewController.m */,
				3852B9001A7BDAA600C7C7C5 /* CategoriesViewController.h */,
				3852B9011A7BDAA600C7C7C5 /* CategoriesViewController.m */,
				3852B8FE1A7BDAA600C7C7C5 /* AudiosViewController.h */,
				3852B8FF1A7BDAA600C7C7C5 /* AudiosViewController.m */,
				3852B9061A7BDAA600C7C7C5 /* RecordAndPlayViewController.h */,
				3852B9071A7BDAA600C7C7C5 /* RecordAndPlayViewController.m */,
				3852B9041A7BDAA600C7C7C5 /* PlayViewController.h */,
				3852B9051A7BDAA600C7C7C5 /* PlayViewController.m */,
				3852BA0C1A7F940900C7C7C5 /* QuoteViewController.h */,
				3852BA0D1A7F940900C7C7C5 /* QuoteViewController.m */,
			);
			path = ViewControllers;
			sourceTree = "<group>";
		};
		3852B9A81A7CF51D00C7C7C5 /* Libs */ = {
			isa = PBXGroup;
			children = (
			);
			path = Libs;
			sourceTree = "<group>";
		};
		38A80A581A73A6F500FAA28B /* Cells */ = {
			isa = PBXGroup;
			children = (
				38A80A591A73A72100FAA28B /* WanwanStyleCell.h */,
				38A80A5A1A73A72100FAA28B /* WanwanStyleCell.m */,
				385E16B91A73F41200D61DD8 /* AudioFileCell.h */,
				385E16BA1A73F41200D61DD8 /* AudioFileCell.m */,
			);
			path = Cells;
			sourceTree = "<group>";
		};
		38E7A24D1A6A27A40079B975 = {
			isa = PBXGroup;
			children = (
				38E7A4D21A737A900079B975 /* miepai.pch */,
				38E7A4CC1A7379910079B975 /* Podfile */,
				38E7A2581A6A27A40079B975 /* recordTest */,
				38E7A2601A6A27A40079B975 /* recordTest.xcdatamodeld */,
				38E7A2691A6A27A40079B975 /* Images.xcassets */,
				38E7A26B1A6A27A40079B975 /* LaunchScreen.xib */,
				38E7A2751A6A27A50079B975 /* recordTestTests */,
				38E7A2571A6A27A40079B975 /* Products */,
				720746A6FD6DE8AD024CF9DD /* Pods */,
				78D19ADB12535080A3764C47 /* Frameworks */,
			);
			sourceTree = "<group>";
		};
		38E7A2571A6A27A40079B975 /* Products */ = {
			isa = PBXGroup;
			children = (
				38E7A2561A6A27A40079B975 /* mie.app */,
				38E7A2721A6A27A50079B975 /* mieTests.xctest */,
			);
			name = Products;
			sourceTree = "<group>";
		};
		38E7A2581A6A27A40079B975 /* recordTest */ = {
			isa = PBXGroup;
			children = (
				38E7A25D1A6A27A40079B975 /* AppDelegate.h */,
				38E7A25E1A6A27A40079B975 /* AppDelegate.m */,
				38E7A2661A6A27A40079B975 /* Main.storyboard */,
				3852B9A81A7CF51D00C7C7C5 /* Libs */,
				3852B8FA1A7BD9EB00C7C7C5 /* ViewControllers */,
				38A80A581A73A6F500FAA28B /* Cells */,
				384E06881A7384720008AFF8 /* Models */,
				38E7A2591A6A27A40079B975 /* Supporting Files */,
				38E7A29B1A6B8F2C0079B975 /* Assets */,
				3852B80F1A7A83FC00C7C7C5 /* Resources */,
			);
			path = recordTest;
			sourceTree = "<group>";
		};
		38E7A2591A6A27A40079B975 /* Supporting Files */ = {
			isa = PBXGroup;
			children = (
				38E7A25A1A6A27A40079B975 /* Info.plist */,
				38E7A25B1A6A27A40079B975 /* main.m */,
				38A4E8901AD3B03700F1665D /* MieAPI.h */,
				38A4E8911AD3B03700F1665D /* MieAPI.m */,
				38A4E8931AD3B04800F1665D /* AudioManager.h */,
				38A4E8941AD3B04800F1665D /* AudioManager.m */,
			);
			name = "Supporting Files";
			sourceTree = "<group>";
		};
		38E7A2751A6A27A50079B975 /* recordTestTests */ = {
			isa = PBXGroup;
			children = (
				38E7A2781A6A27A50079B975 /* recordTestTests.m */,
				38E7A2761A6A27A50079B975 /* Supporting Files */,
			);
			path = recordTestTests;
			sourceTree = "<group>";
		};
		38E7A2761A6A27A50079B975 /* Supporting Files */ = {
			isa = PBXGroup;
			children = (
				38E7A2771A6A27A50079B975 /* Info.plist */,
			);
			name = "Supporting Files";
			sourceTree = "<group>";
		};
		38E7A29B1A6B8F2C0079B975 /* Assets */ = {
			isa = PBXGroup;
			children = (
			);
			path = Assets;
			sourceTree = "<group>";
		};
		720746A6FD6DE8AD024CF9DD /* Pods */ = {
			isa = PBXGroup;
			children = (
				D2F5C32831406B274A084113 /* Pods.debug.xcconfig */,
				A87B7D9C85128A02900D8A80 /* Pods.release.xcconfig */,
			);
			name = Pods;
			sourceTree = "<group>";
		};
		78D19ADB12535080A3764C47 /* Frameworks */ = {
			isa = PBXGroup;
			children = (
				38A3A6B51AD3D74700EBD070 /* libPods.a */,
				3852B9F11A7CF5D400C7C7C5 /* MessageUI.framework */,
				3852B9EF1A7CF5CB00C7C7C5 /* Accounts.framework */,
				3852B9ED1A7CF5C600C7C7C5 /* Social.framework */,
				3852B9EB1A7CF5BD00C7C7C5 /* ImageIO.framework */,
				3852B9E91A7CF57E00C7C7C5 /* QuartzCore.framework */,
				3852B9261A7BF68A00C7C7C5 /* MediaPlayer.framework */,
				3852B9241A7BF67B00C7C7C5 /* libsqlite3.dylib */,
				3852B9221A7BF66A00C7C7C5 /* SystemConfiguration.framework */,
				3852B9201A7BF66000C7C7C5 /* CoreTelephony.framework */,
				3852B91E1A7BF65600C7C7C5 /* CFNetwork.framework */,
				3852B91C1A7BF64A00C7C7C5 /* MobileCoreServices.framework */,
				3852B91A1A7BF63A00C7C7C5 /* Security.framework */,
				3852B9181A7BF63000C7C7C5 /* CoreLocation.framework */,
				3852B9131A7BF43300C7C7C5 /* libPods-BmobSDK.a */,
				3852B90F1A7BF27A00C7C7C5 /* BmobSDK.framework */,
				3852B90D1A7BF23000C7C7C5 /* libPods-BmobSDK.a */,
				38E7A2881A6A29860079B975 /* UIKit.framework */,
				38E7A2861A6A29800079B975 /* CoreGraphics.framework */,
				38E7A2841A6A28B50079B975 /* Foundation.framework */,
				38E7A2821A6A28A30079B975 /* AVFoundation.framework */,
				384E06861A7380DB0008AFF8 /* libc++.dylib */,
				38E7A4D31A737C0B0079B975 /* libPods-BmobSDK.a */,
				38E7A4D01A737A230079B975 /* libicucore.dylib */,
				38E7A4CE1A737A0B0079B975 /* libz.1.2.5.dylib */,
				D246512477A53FEB2E903937 /* libPods.a */,
			);
			name = Frameworks;
			sourceTree = "<group>";
		};
/* End PBXGroup section */

/* Begin PBXNativeTarget section */
		38E7A2551A6A27A40079B975 /* mie */ = {
			isa = PBXNativeTarget;
			buildConfigurationList = 38E7A27C1A6A27A50079B975 /* Build configuration list for PBXNativeTarget "mie" */;
			buildPhases = (
				BC9582C4B550C062033C7716 /* Check Pods Manifest.lock */,
				38E7A2521A6A27A40079B975 /* Sources */,
				38E7A2531A6A27A40079B975 /* Frameworks */,
				38E7A2541A6A27A40079B975 /* Resources */,
				CEAE12B7DBF1C31E4555EE0A /* Copy Pods Resources */,
			);
			buildRules = (
			);
			dependencies = (
			);
			name = mie;
			productName = recordTest;
			productReference = 38E7A2561A6A27A40079B975 /* mie.app */;
			productType = "com.apple.product-type.application";
		};
		38E7A2711A6A27A50079B975 /* mieTests */ = {
			isa = PBXNativeTarget;
			buildConfigurationList = 38E7A27F1A6A27A50079B975 /* Build configuration list for PBXNativeTarget "mieTests" */;
			buildPhases = (
				38E7A26E1A6A27A50079B975 /* Sources */,
				38E7A26F1A6A27A50079B975 /* Frameworks */,
				38E7A2701A6A27A50079B975 /* Resources */,
			);
			buildRules = (
			);
			dependencies = (
				38E7A2741A6A27A50079B975 /* PBXTargetDependency */,
			);
			name = mieTests;
			productName = recordTestTests;
			productReference = 38E7A2721A6A27A50079B975 /* mieTests.xctest */;
			productType = "com.apple.product-type.bundle.unit-test";
		};
/* End PBXNativeTarget section */

/* Begin PBXProject section */
		38E7A24E1A6A27A40079B975 /* Project object */ = {
			isa = PBXProject;
			attributes = {
				LastUpgradeCheck = 0610;
				ORGANIZATIONNAME = ThreeStones;
				TargetAttributes = {
					38E7A2551A6A27A40079B975 = {
						CreatedOnToolsVersion = 6.1.1;
					};
					38E7A2711A6A27A50079B975 = {
						CreatedOnToolsVersion = 6.1.1;
						TestTargetID = 38E7A2551A6A27A40079B975;
					};
				};
			};
			buildConfigurationList = 38E7A2511A6A27A40079B975 /* Build configuration list for PBXProject "mie" */;
			compatibilityVersion = "Xcode 3.2";
			developmentRegion = English;
			hasScannedForEncodings = 0;
			knownRegions = (
				en,
				Base,
				"zh-Hans",
			);
			mainGroup = 38E7A24D1A6A27A40079B975;
			productRefGroup = 38E7A2571A6A27A40079B975 /* Products */;
			projectDirPath = "";
			projectRoot = "";
			targets = (
				38E7A2551A6A27A40079B975 /* mie */,
				38E7A2711A6A27A50079B975 /* mieTests */,
			);
		};
/* End PBXProject section */

/* Begin PBXResourcesBuildPhase section */
		38E7A2541A6A27A40079B975 /* Resources */ = {
			isa = PBXResourcesBuildPhase;
			buildActionMask = 2147483647;
			files = (
				38105D251A93037900284860 /* stop.png in Resources */,
				38E7A4CD1A7379910079B975 /* Podfile in Resources */,
				38E7A2681A6A27A40079B975 /* Main.storyboard in Resources */,
				38E7A26D1A6A27A40079B975 /* LaunchScreen.xib in Resources */,
				38105D131A90F2C500284860 /* firstlaunch3.png in Resources */,
				38105D111A90F2C500284860 /* firstlaunch1.png in Resources */,
				3852B8111A7A841100C7C7C5 /* funny.png in Resources */,
				38105D121A90F2C500284860 /* firstlaunch2.png in Resources */,
				38105D231A93037900284860 /* pause.png in Resources */,
				382B7D241AA77922000956C9 /* mielogo_purple.png in Resources */,
				38F932DE1A9A319B00415FE1 /* mielogo.png in Resources */,
				38105D241A93037900284860 /* play.png in Resources */,
				38E7A26A1A6A27A40079B975 /* Images.xcassets in Resources */,
			);
			runOnlyForDeploymentPostprocessing = 0;
		};
		38E7A2701A6A27A50079B975 /* Resources */ = {
			isa = PBXResourcesBuildPhase;
			buildActionMask = 2147483647;
			files = (
			);
			runOnlyForDeploymentPostprocessing = 0;
		};
/* End PBXResourcesBuildPhase section */

/* Begin PBXShellScriptBuildPhase section */
		BC9582C4B550C062033C7716 /* Check Pods Manifest.lock */ = {
			isa = PBXShellScriptBuildPhase;
			buildActionMask = 2147483647;
			files = (
			);
			inputPaths = (
			);
			name = "Check Pods Manifest.lock";
			outputPaths = (
			);
			runOnlyForDeploymentPostprocessing = 0;
			shellPath = /bin/sh;
			shellScript = "diff \"${PODS_ROOT}/../Podfile.lock\" \"${PODS_ROOT}/Manifest.lock\" > /dev/null\nif [[ $? != 0 ]] ; then\n    cat << EOM\nerror: The sandbox is not in sync with the Podfile.lock. Run 'pod install' or update your CocoaPods installation.\nEOM\n    exit 1\nfi\n";
			showEnvVarsInLog = 0;
		};
		CEAE12B7DBF1C31E4555EE0A /* Copy Pods Resources */ = {
			isa = PBXShellScriptBuildPhase;
			buildActionMask = 2147483647;
			files = (
			);
			inputPaths = (
			);
			name = "Copy Pods Resources";
			outputPaths = (
			);
			runOnlyForDeploymentPostprocessing = 0;
			shellPath = /bin/sh;
			shellScript = "\"${SRCROOT}/Pods/Target Support Files/Pods/Pods-resources.sh\"\n";
			showEnvVarsInLog = 0;
		};
/* End PBXShellScriptBuildPhase section */

/* Begin PBXSourcesBuildPhase section */
		38E7A2521A6A27A40079B975 /* Sources */ = {
			isa = PBXSourcesBuildPhase;
			buildActionMask = 2147483647;
			files = (
				3852B9081A7BDAA600C7C7C5 /* AudiosViewController.m in Sources */,
				38E7A2621A6A27A40079B975 /* recordTest.xcdatamodeld in Sources */,
				38E7A25F1A6A27A40079B975 /* AppDelegate.m in Sources */,
				3852BA081A7F72C500C7C7C5 /* AudioCat.m in Sources */,
				3852BA0B1A7F74B400C7C7C5 /* Audio.m in Sources */,
				3852B90B1A7BDAA600C7C7C5 /* PlayViewController.m in Sources */,
				3852BA021A7F6FB400C7C7C5 /* MBase.m in Sources */,
				38A80A5B1A73A72100FAA28B /* WanwanStyleCell.m in Sources */,
				38A4E8921AD3B03700F1665D /* MieAPI.m in Sources */,
				3852B90A1A7BDAA600C7C7C5 /* FirstViewController.m in Sources */,
				385E16BB1A73F41200D61DD8 /* AudioFileCell.m in Sources */,
				3852BA0E1A7F940900C7C7C5 /* QuoteViewController.m in Sources */,
				38A4E8951AD3B04800F1665D /* AudioManager.m in Sources */,
				3852B8FD1A7BDA5900C7C7C5 /* BaseViewController.m in Sources */,
				3852B9091A7BDAA600C7C7C5 /* CategoriesViewController.m in Sources */,
				3852B90C1A7BDAA600C7C7C5 /* RecordAndPlayViewController.m in Sources */,
				38E7A25C1A6A27A40079B975 /* main.m in Sources */,
			);
			runOnlyForDeploymentPostprocessing = 0;
		};
		38E7A26E1A6A27A50079B975 /* Sources */ = {
			isa = PBXSourcesBuildPhase;
			buildActionMask = 2147483647;
			files = (
				38E7A2791A6A27A50079B975 /* recordTestTests.m in Sources */,
			);
			runOnlyForDeploymentPostprocessing = 0;
		};
/* End PBXSourcesBuildPhase section */

/* Begin PBXTargetDependency section */
		38E7A2741A6A27A50079B975 /* PBXTargetDependency */ = {
			isa = PBXTargetDependency;
			target = 38E7A2551A6A27A40079B975 /* mie */;
			targetProxy = 38E7A2731A6A27A50079B975 /* PBXContainerItemProxy */;
		};
/* End PBXTargetDependency section */

/* Begin PBXVariantGroup section */
		38E7A2661A6A27A40079B975 /* Main.storyboard */ = {
			isa = PBXVariantGroup;
			children = (
				38E7A2671A6A27A40079B975 /* Base */,
			);
			name = Main.storyboard;
			sourceTree = "<group>";
		};
		38E7A26B1A6A27A40079B975 /* LaunchScreen.xib */ = {
			isa = PBXVariantGroup;
			children = (
				38E7A26C1A6A27A40079B975 /* Base */,
			);
			name = LaunchScreen.xib;
			path = recordTest;
			sourceTree = "<group>";
		};
/* End PBXVariantGroup section */

/* Begin XCBuildConfiguration section */
		38E7A27A1A6A27A50079B975 /* Debug */ = {
			isa = XCBuildConfiguration;
			buildSettings = {
				ALWAYS_SEARCH_USER_PATHS = NO;
				CLANG_CXX_LANGUAGE_STANDARD = "gnu++0x";
				CLANG_CXX_LIBRARY = "libc++";
				CLANG_ENABLE_MODULES = YES;
				CLANG_ENABLE_OBJC_ARC = YES;
				CLANG_WARN_BOOL_CONVERSION = YES;
				CLANG_WARN_CONSTANT_CONVERSION = YES;
				CLANG_WARN_DIRECT_OBJC_ISA_USAGE = YES_ERROR;
				CLANG_WARN_EMPTY_BODY = YES;
				CLANG_WARN_ENUM_CONVERSION = YES;
				CLANG_WARN_INT_CONVERSION = YES;
				CLANG_WARN_OBJC_ROOT_CLASS = YES_ERROR;
				CLANG_WARN_UNREACHABLE_CODE = YES;
				CLANG_WARN__DUPLICATE_METHOD_MATCH = YES;
				"CODE_SIGN_IDENTITY[sdk=iphoneos*]" = "iPhone Developer";
				COPY_PHASE_STRIP = NO;
				ENABLE_STRICT_OBJC_MSGSEND = YES;
				GCC_C_LANGUAGE_STANDARD = gnu99;
				GCC_DYNAMIC_NO_PIC = NO;
				GCC_OPTIMIZATION_LEVEL = 0;
				GCC_PREPROCESSOR_DEFINITIONS = (
					"DEBUG=1",
					"$(inherited)",
				);
				GCC_SYMBOLS_PRIVATE_EXTERN = NO;
				GCC_WARN_64_TO_32_BIT_CONVERSION = YES;
				GCC_WARN_ABOUT_RETURN_TYPE = YES_ERROR;
				GCC_WARN_UNDECLARED_SELECTOR = YES;
				GCC_WARN_UNINITIALIZED_AUTOS = YES_AGGRESSIVE;
				GCC_WARN_UNUSED_FUNCTION = YES;
				GCC_WARN_UNUSED_VARIABLE = YES;
				IPHONEOS_DEPLOYMENT_TARGET = 8.1;
				MTL_ENABLE_DEBUG_INFO = YES;
				ONLY_ACTIVE_ARCH = YES;
				SDKROOT = iphoneos;
			};
			name = Debug;
		};
		38E7A27B1A6A27A50079B975 /* Release */ = {
			isa = XCBuildConfiguration;
			buildSettings = {
				ALWAYS_SEARCH_USER_PATHS = NO;
				CLANG_CXX_LANGUAGE_STANDARD = "gnu++0x";
				CLANG_CXX_LIBRARY = "libc++";
				CLANG_ENABLE_MODULES = YES;
				CLANG_ENABLE_OBJC_ARC = YES;
				CLANG_WARN_BOOL_CONVERSION = YES;
				CLANG_WARN_CONSTANT_CONVERSION = YES;
				CLANG_WARN_DIRECT_OBJC_ISA_USAGE = YES_ERROR;
				CLANG_WARN_EMPTY_BODY = YES;
				CLANG_WARN_ENUM_CONVERSION = YES;
				CLANG_WARN_INT_CONVERSION = YES;
				CLANG_WARN_OBJC_ROOT_CLASS = YES_ERROR;
				CLANG_WARN_UNREACHABLE_CODE = YES;
				CLANG_WARN__DUPLICATE_METHOD_MATCH = YES;
				"CODE_SIGN_IDENTITY[sdk=iphoneos*]" = "iPhone Developer";
				COPY_PHASE_STRIP = YES;
				ENABLE_NS_ASSERTIONS = NO;
				ENABLE_STRICT_OBJC_MSGSEND = YES;
				GCC_C_LANGUAGE_STANDARD = gnu99;
				GCC_WARN_64_TO_32_BIT_CONVERSION = YES;
				GCC_WARN_ABOUT_RETURN_TYPE = YES_ERROR;
				GCC_WARN_UNDECLARED_SELECTOR = YES;
				GCC_WARN_UNINITIALIZED_AUTOS = YES_AGGRESSIVE;
				GCC_WARN_UNUSED_FUNCTION = YES;
				GCC_WARN_UNUSED_VARIABLE = YES;
				IPHONEOS_DEPLOYMENT_TARGET = 8.1;
				MTL_ENABLE_DEBUG_INFO = NO;
				SDKROOT = iphoneos;
				VALIDATE_PRODUCT = YES;
			};
			name = Release;
		};
		38E7A27D1A6A27A50079B975 /* Debug */ = {
			isa = XCBuildConfiguration;
			baseConfigurationReference = D2F5C32831406B274A084113 /* Pods.debug.xcconfig */;
			buildSettings = {
				ASSETCATALOG_COMPILER_APPICON_NAME = AppIcon;
				ASSETCATALOG_COMPILER_LAUNCHIMAGE_NAME = LaunchImage;
				CODE_SIGN_IDENTITY = "iPhone Developer: LIN PENG (44QW4Y6SM9)";
				"CODE_SIGN_IDENTITY[sdk=iphoneos*]" = "iPhone Developer: LIN PENG (44QW4Y6SM9)";
				FRAMEWORK_SEARCH_PATHS = (
					"$(inherited)",
					"$(PROJECT_DIR)/Libraries",
				);
				GCC_PREFIX_HEADER = miepai.pch;
				INFOPLIST_FILE = recordTest/Info.plist;
				IPHONEOS_DEPLOYMENT_TARGET = 7.0;
				LD_RUNPATH_SEARCH_PATHS = "$(inherited) @executable_path/Frameworks";
				LIBRARY_SEARCH_PATHS = (
					"$(inherited)",
					"$(PROJECT_DIR)/Pods/build/Debug-iphoneos",
					"$(PROJECT_DIR)/build/Debug-iphoneos",
				);
				ONLY_ACTIVE_ARCH = YES;
				PRODUCT_NAME = mie;
				PROVISIONING_PROFILE = "c25d280f-351c-495a-80b8-0f84fe59855d";
				VALID_ARCHS = "armv7 armv7s arm64";
			};
			name = Debug;
		};
		38E7A27E1A6A27A50079B975 /* Release */ = {
			isa = XCBuildConfiguration;
			baseConfigurationReference = A87B7D9C85128A02900D8A80 /* Pods.release.xcconfig */;
			buildSettings = {
				ASSETCATALOG_COMPILER_APPICON_NAME = AppIcon;
				ASSETCATALOG_COMPILER_LAUNCHIMAGE_NAME = LaunchImage;
				CODE_SIGN_IDENTITY = "iPhone Developer: LIN PENG (44QW4Y6SM9)";
				"CODE_SIGN_IDENTITY[sdk=iphoneos*]" = "iPhone Developer: LIN PENG (44QW4Y6SM9)";
				FRAMEWORK_SEARCH_PATHS = (
					"$(inherited)",
					"$(PROJECT_DIR)/Libraries",
				);
				GCC_PREFIX_HEADER = miepai.pch;
				INFOPLIST_FILE = recordTest/Info.plist;
				IPHONEOS_DEPLOYMENT_TARGET = 7.0;
				LD_RUNPATH_SEARCH_PATHS = "$(inherited) @executable_path/Frameworks";
				LIBRARY_SEARCH_PATHS = (
					"$(inherited)",
					"$(PROJECT_DIR)/Pods/build/Debug-iphoneos",
					"$(PROJECT_DIR)/build/Debug-iphoneos",
				);
				ONLY_ACTIVE_ARCH = YES;
				PRODUCT_NAME = mie;
				PROVISIONING_PROFILE = "c25d280f-351c-495a-80b8-0f84fe59855d";
				VALID_ARCHS = "armv7 armv7s arm64";
			};
			name = Release;
		};
		38E7A2801A6A27A50079B975 /* Debug */ = {
			isa = XCBuildConfiguration;
			buildSettings = {
				BUNDLE_LOADER = "$(TEST_HOST)";
				FRAMEWORK_SEARCH_PATHS = (
					"$(SDKROOT)/Developer/Library/Frameworks",
					"$(inherited)",
				);
				GCC_PREPROCESSOR_DEFINITIONS = (
					"DEBUG=1",
					"$(inherited)",
				);
				INFOPLIST_FILE = recordTestTests/Info.plist;
				LD_RUNPATH_SEARCH_PATHS = "$(inherited) @executable_path/Frameworks @loader_path/Frameworks";
				PRODUCT_NAME = mieTests;
				TEST_HOST = "$(BUILT_PRODUCTS_DIR)/mie.app/mie";
				VALID_ARCHS = "armv7 armv7s arm64";
			};
			name = Debug;
		};
		38E7A2811A6A27A50079B975 /* Release */ = {
			isa = XCBuildConfiguration;
			buildSettings = {
				BUNDLE_LOADER = "$(TEST_HOST)";
				FRAMEWORK_SEARCH_PATHS = (
					"$(SDKROOT)/Developer/Library/Frameworks",
					"$(inherited)",
				);
				INFOPLIST_FILE = recordTestTests/Info.plist;
				LD_RUNPATH_SEARCH_PATHS = "$(inherited) @executable_path/Frameworks @loader_path/Frameworks";
				PRODUCT_NAME = mieTests;
				TEST_HOST = "$(BUILT_PRODUCTS_DIR)/recordTest.app/recordTest";
				VALID_ARCHS = "armv7 armv7s arm64";
			};
			name = Release;
		};
/* End XCBuildConfiguration section */

/* Begin XCConfigurationList section */
		38E7A2511A6A27A40079B975 /* Build configuration list for PBXProject "mie" */ = {
			isa = XCConfigurationList;
			buildConfigurations = (
				38E7A27A1A6A27A50079B975 /* Debug */,
				38E7A27B1A6A27A50079B975 /* Release */,
			);
			defaultConfigurationIsVisible = 0;
			defaultConfigurationName = Release;
		};
		38E7A27C1A6A27A50079B975 /* Build configuration list for PBXNativeTarget "mie" */ = {
			isa = XCConfigurationList;
			buildConfigurations = (
				38E7A27D1A6A27A50079B975 /* Debug */,
				38E7A27E1A6A27A50079B975 /* Release */,
			);
			defaultConfigurationIsVisible = 0;
			defaultConfigurationName = Release;
		};
		38E7A27F1A6A27A50079B975 /* Build configuration list for PBXNativeTarget "mieTests" */ = {
			isa = XCConfigurationList;
			buildConfigurations = (
				38E7A2801A6A27A50079B975 /* Debug */,
				38E7A2811A6A27A50079B975 /* Release */,
			);
			defaultConfigurationIsVisible = 0;
			defaultConfigurationName = Release;
		};
/* End XCConfigurationList section */

/* Begin XCVersionGroup section */
		38E7A2601A6A27A40079B975 /* recordTest.xcdatamodeld */ = {
			isa = XCVersionGroup;
			children = (
				38E7A2611A6A27A40079B975 /* recordTest.xcdatamodel */,
			);
			currentVersion = 38E7A2611A6A27A40079B975 /* recordTest.xcdatamodel */;
			name = recordTest.xcdatamodeld;
			path = recordTest/recordTest.xcdatamodeld;
			sourceTree = "<group>";
			versionGroupType = wrapper.xcdatamodel;
		};
/* End XCVersionGroup section */
	};
	rootObject = 38E7A24E1A6A27A40079B975 /* Project object */;
}
